// !$*UTF8*$!
{
	archiveVersion = 1;
	classes = {
	};
	objectVersion = 56;
	objects = {

/* Begin PBXBuildFile section */
		65DFEECB2278C2C74270CAC3 /* Pods_OS_Final.framework in Frameworks */ = {isa = PBXBuildFile; fileRef = D738F68D07A32D4FFB5F460C /* Pods_OS_Final.framework */; };
		6783F7B96685E16A45132EE5 /* Pods_OS_FinalTests.framework in Frameworks */ = {isa = PBXBuildFile; fileRef = E57EE5188785D9FB221B3183 /* Pods_OS_FinalTests.framework */; };
		6D9A32E3D9B06B236630E294 /* Pods_OS_Final_OS_FinalUITests.framework in Frameworks */ = {isa = PBXBuildFile; fileRef = 0E3DBF242B522C48282B5C35 /* Pods_OS_Final_OS_FinalUITests.framework */; };
		8C08865029472621008F6620 /* UserDefaultManager.swift in Sources */ = {isa = PBXBuildFile; fileRef = 8C08864F29472621008F6620 /* UserDefaultManager.swift */; };
		8C0886522947463A008F6620 /* photoDataInfo.swift in Sources */ = {isa = PBXBuildFile; fileRef = 8C0886512947463A008F6620 /* photoDataInfo.swift */; };
		8C0886552948743D008F6620 /* Array+.swift in Sources */ = {isa = PBXBuildFile; fileRef = 8C0886542948743D008F6620 /* Array+.swift */; };
		8C08865A2949F7F0008F6620 /* PhotoDetailVC.swift in Sources */ = {isa = PBXBuildFile; fileRef = 8C0886582949F7F0008F6620 /* PhotoDetailVC.swift */; };
		8C08865B2949F7F0008F6620 /* PhotoDetailVC.xib in Resources */ = {isa = PBXBuildFile; fileRef = 8C0886592949F7F0008F6620 /* PhotoDetailVC.xib */; };
		8C0CA6032944840D0095AB57 /* NewPhotoVC.swift in Sources */ = {isa = PBXBuildFile; fileRef = 8C0CA6012944840D0095AB57 /* NewPhotoVC.swift */; };
		8C0CA6042944840D0095AB57 /* NewPhotoVC.xib in Resources */ = {isa = PBXBuildFile; fileRef = 8C0CA6022944840D0095AB57 /* NewPhotoVC.xib */; };
		8C116D9729531763009D9D56 /* UIBarButtonItem+.swift in Sources */ = {isa = PBXBuildFile; fileRef = 8C116D9629531763009D9D56 /* UIBarButtonItem+.swift */; };
		8C116D9929531B6C009D9D56 /* albumDataInfo.swift in Sources */ = {isa = PBXBuildFile; fileRef = 8C116D9829531B6C009D9D56 /* albumDataInfo.swift */; };
		8C116D9F2953305F009D9D56 /* ListDialogVC.swift in Sources */ = {isa = PBXBuildFile; fileRef = 8C116D9D2953305F009D9D56 /* ListDialogVC.swift */; };
		8C116DA02953305F009D9D56 /* ListDialogVC.xib in Resources */ = {isa = PBXBuildFile; fileRef = 8C116D9E2953305F009D9D56 /* ListDialogVC.xib */; };
		8C116DA5295336AF009D9D56 /* ListDetailTableViewCell.swift in Sources */ = {isa = PBXBuildFile; fileRef = 8C116DA3295336AF009D9D56 /* ListDetailTableViewCell.swift */; };
		8C116DA6295336AF009D9D56 /* ListDetailTableViewCell.xib in Resources */ = {isa = PBXBuildFile; fileRef = 8C116DA4295336AF009D9D56 /* ListDetailTableViewCell.xib */; };
		8C1BDA82293F62F300176BED /* PhotoCollectionViewCell.swift in Sources */ = {isa = PBXBuildFile; fileRef = 8C1BDA80293F62F300176BED /* PhotoCollectionViewCell.swift */; };
		8C1BDA83293F62F300176BED /* PhotoCollectionViewCell.xib in Resources */ = {isa = PBXBuildFile; fileRef = 8C1BDA81293F62F300176BED /* PhotoCollectionViewCell.xib */; };
		8C4E94C12930CFDF007591E6 /* AppDelegate.swift in Sources */ = {isa = PBXBuildFile; fileRef = 8C4E94C02930CFDF007591E6 /* AppDelegate.swift */; };
		8C4E94C32930CFDF007591E6 /* SceneDelegate.swift in Sources */ = {isa = PBXBuildFile; fileRef = 8C4E94C22930CFDF007591E6 /* SceneDelegate.swift */; };
		8C4E94C52930CFDF007591E6 /* ViewController.swift in Sources */ = {isa = PBXBuildFile; fileRef = 8C4E94C42930CFDF007591E6 /* ViewController.swift */; };
		8C4E94C82930CFDF007591E6 /* Main.storyboard in Resources */ = {isa = PBXBuildFile; fileRef = 8C4E94C62930CFDF007591E6 /* Main.storyboard */; };
		8C4E94CA2930CFE0007591E6 /* Assets.xcassets in Resources */ = {isa = PBXBuildFile; fileRef = 8C4E94C92930CFE0007591E6 /* Assets.xcassets */; };
		8C4E94CD2930CFE0007591E6 /* LaunchScreen.storyboard in Resources */ = {isa = PBXBuildFile; fileRef = 8C4E94CB2930CFE0007591E6 /* LaunchScreen.storyboard */; };
		8C4E94D82930CFE0007591E6 /* OS_FinalTests.swift in Sources */ = {isa = PBXBuildFile; fileRef = 8C4E94D72930CFE0007591E6 /* OS_FinalTests.swift */; };
		8C4E94E22930CFE0007591E6 /* OS_FinalUITests.swift in Sources */ = {isa = PBXBuildFile; fileRef = 8C4E94E12930CFE0007591E6 /* OS_FinalUITests.swift */; };
		8C4E94E42930CFE0007591E6 /* OS_FinalUITestsLaunchTests.swift in Sources */ = {isa = PBXBuildFile; fileRef = 8C4E94E32930CFE0007591E6 /* OS_FinalUITestsLaunchTests.swift */; };
		8C551BA7293F406700516302 /* SwiftHeader.swift in Sources */ = {isa = PBXBuildFile; fileRef = 8C551BA6293F406700516302 /* SwiftHeader.swift */; };
		8C7951DD294DBCA100D70E56 /* loading.gif in Resources */ = {isa = PBXBuildFile; fileRef = 8C7951DC294DBCA100D70E56 /* loading.gif */; };
		8C7951E1295081FC00D70E56 /* UIViewController+Dialog.swift in Sources */ = {isa = PBXBuildFile; fileRef = 8C7951E0295081FC00D70E56 /* UIViewController+Dialog.swift */; };
		8C7951E5295082DE00D70E56 /* ChooseDialogVC.swift in Sources */ = {isa = PBXBuildFile; fileRef = 8C7951E3295082DE00D70E56 /* ChooseDialogVC.swift */; };
		8C7951E6295082DE00D70E56 /* ChooseDialogVC.xib in Resources */ = {isa = PBXBuildFile; fileRef = 8C7951E4295082DE00D70E56 /* ChooseDialogVC.xib */; };
		8C7951E8295087CA00D70E56 /* EnumManager.swift in Sources */ = {isa = PBXBuildFile; fileRef = 8C7951E7295087CA00D70E56 /* EnumManager.swift */; };
		8C810ADB2930DCCA004E5347 /* BarCollectionViewCell.swift in Sources */ = {isa = PBXBuildFile; fileRef = 8C810AD92930DCCA004E5347 /* BarCollectionViewCell.swift */; };
		8C810ADC2930DCCA004E5347 /* BarCollectionViewCell.xib in Resources */ = {isa = PBXBuildFile; fileRef = 8C810ADA2930DCCA004E5347 /* BarCollectionViewCell.xib */; };
		8C8752E2295706B30077DE9E /* OverViewVC.swift in Sources */ = {isa = PBXBuildFile; fileRef = 8C8752E0295706B30077DE9E /* OverViewVC.swift */; };
		8C8752E3295706B30077DE9E /* OverViewVC.xib in Resources */ = {isa = PBXBuildFile; fileRef = 8C8752E1295706B30077DE9E /* OverViewVC.xib */; };
		8C958F3A293E047D000EF211 /* UIImage+.swift in Sources */ = {isa = PBXBuildFile; fileRef = 8C958F39293E047D000EF211 /* UIImage+.swift */; };
		8CA3BC17293F29BF00B029C7 /* UIColor+.swift in Sources */ = {isa = PBXBuildFile; fileRef = 8CA3BC16293F29BF00B029C7 /* UIColor+.swift */; };
		8CA3BC19293F2E0900B029C7 /* AlbumMainVC.swift in Sources */ = {isa = PBXBuildFile; fileRef = 8CA3BC18293F2E0900B029C7 /* AlbumMainVC.swift */; };
		8CA3BC1B293F2EAA00B029C7 /* SettingMainVC.swift in Sources */ = {isa = PBXBuildFile; fileRef = 8CA3BC1A293F2EAA00B029C7 /* SettingMainVC.swift */; };
		8CA3BC1E293F2FF300B029C7 /* UIView+layout.swift in Sources */ = {isa = PBXBuildFile; fileRef = 8CA3BC1D293F2FF300B029C7 /* UIView+layout.swift */; };
		8CA3BC22293F377D00B029C7 /* AlbumCollectionViewCell.swift in Sources */ = {isa = PBXBuildFile; fileRef = 8CA3BC20293F377D00B029C7 /* AlbumCollectionViewCell.swift */; };
		8CA3BC23293F377D00B029C7 /* AlbumCollectionViewCell.xib in Resources */ = {isa = PBXBuildFile; fileRef = 8CA3BC21293F377D00B029C7 /* AlbumCollectionViewCell.xib */; };
		8CB1D6732951AF9B006B6E5B /* NewAlbumVC.swift in Sources */ = {isa = PBXBuildFile; fileRef = 8CB1D6712951AF9B006B6E5B /* NewAlbumVC.swift */; };
		8CB1D6742951AF9B006B6E5B /* NewAlbumVC.xib in Resources */ = {isa = PBXBuildFile; fileRef = 8CB1D6722951AF9B006B6E5B /* NewAlbumVC.xib */; };
		8CB340FA29598FB3007E94D5 /* AlbumSettingDialogVC.swift in Sources */ = {isa = PBXBuildFile; fileRef = 8CB340F829598FB3007E94D5 /* AlbumSettingDialogVC.swift */; };
		8CB340FB29598FB3007E94D5 /* AlbumSettingDialogVC.xib in Resources */ = {isa = PBXBuildFile; fileRef = 8CB340F929598FB3007E94D5 /* AlbumSettingDialogVC.xib */; };
		8CC5D0B9293E12380063D262 /* PhotoMainVC.swift in Sources */ = {isa = PBXBuildFile; fileRef = 8CC5D0B8293E12380063D262 /* PhotoMainVC.swift */; };
		8CCEAD4D2955C0C100A24A42 /* AlbumDetailVC.swift in Sources */ = {isa = PBXBuildFile; fileRef = 8CCEAD4B2955C0C100A24A42 /* AlbumDetailVC.swift */; };
		8CCEAD4E2955C0C100A24A42 /* AlbumDetailVC.xib in Resources */ = {isa = PBXBuildFile; fileRef = 8CCEAD4C2955C0C100A24A42 /* AlbumDetailVC.xib */; };
		8CE8F969294707740098E480 /* UIApplication+.swift in Sources */ = {isa = PBXBuildFile; fileRef = 8CE8F968294707740098E480 /* UIApplication+.swift */; };
		8CFE2BE82943301F00398413 /* NotificationVC.swift in Sources */ = {isa = PBXBuildFile; fileRef = 8CFE2BE72943301F00398413 /* NotificationVC.swift */; };
		8CFE2BEC294347A100398413 /* ApiManager.swift in Sources */ = {isa = PBXBuildFile; fileRef = 8CFE2BEB294347A100398413 /* ApiManager.swift */; };
		8CFE2BEE2943495D00398413 /* KeyManager.swift in Sources */ = {isa = PBXBuildFile; fileRef = 8CFE2BED2943495D00398413 /* KeyManager.swift */; };
		8CFE2BF02944761500398413 /* ApiManager+.swift in Sources */ = {isa = PBXBuildFile; fileRef = 8CFE2BEF2944761500398413 /* ApiManager+.swift */; };
		8CFE2BF52944770500398413 /* MediaGetterRes.swift in Sources */ = {isa = PBXBuildFile; fileRef = 8CFE2BF42944770500398413 /* MediaGetterRes.swift */; };
		8CFE2BF82944788500398413 /* BaseRes.swift in Sources */ = {isa = PBXBuildFile; fileRef = 8CFE2BF72944788500398413 /* BaseRes.swift */; };
/* End PBXBuildFile section */

/* Begin PBXContainerItemProxy section */
		8C4E94D42930CFE0007591E6 /* PBXContainerItemProxy */ = {
			isa = PBXContainerItemProxy;
			containerPortal = 8C4E94B52930CFDF007591E6 /* Project object */;
			proxyType = 1;
			remoteGlobalIDString = 8C4E94BC2930CFDF007591E6;
			remoteInfo = "OS-Final";
		};
		8C4E94DE2930CFE0007591E6 /* PBXContainerItemProxy */ = {
			isa = PBXContainerItemProxy;
			containerPortal = 8C4E94B52930CFDF007591E6 /* Project object */;
			proxyType = 1;
			remoteGlobalIDString = 8C4E94BC2930CFDF007591E6;
			remoteInfo = "OS-Final";
		};
/* End PBXContainerItemProxy section */

/* Begin PBXFileReference section */
		0E3DBF242B522C48282B5C35 /* Pods_OS_Final_OS_FinalUITests.framework */ = {isa = PBXFileReference; explicitFileType = wrapper.framework; includeInIndex = 0; path = Pods_OS_Final_OS_FinalUITests.framework; sourceTree = BUILT_PRODUCTS_DIR; };
		1164D36026F7BA37EDDE3D60 /* Pods-OS-FinalTests.release.xcconfig */ = {isa = PBXFileReference; includeInIndex = 1; lastKnownFileType = text.xcconfig; name = "Pods-OS-FinalTests.release.xcconfig"; path = "Target Support Files/Pods-OS-FinalTests/Pods-OS-FinalTests.release.xcconfig"; sourceTree = "<group>"; };
		3FCFE5472817E1155138E3B2 /* Pods-OS-FinalTests.debug.xcconfig */ = {isa = PBXFileReference; includeInIndex = 1; lastKnownFileType = text.xcconfig; name = "Pods-OS-FinalTests.debug.xcconfig"; path = "Target Support Files/Pods-OS-FinalTests/Pods-OS-FinalTests.debug.xcconfig"; sourceTree = "<group>"; };
		41D0B0191A432925C7FA1389 /* Pods-OS-Final-OS-FinalUITests.release.xcconfig */ = {isa = PBXFileReference; includeInIndex = 1; lastKnownFileType = text.xcconfig; name = "Pods-OS-Final-OS-FinalUITests.release.xcconfig"; path = "Target Support Files/Pods-OS-Final-OS-FinalUITests/Pods-OS-Final-OS-FinalUITests.release.xcconfig"; sourceTree = "<group>"; };
		4B30020FF6A542BD259C3368 /* Pods-OS-Final.release.xcconfig */ = {isa = PBXFileReference; includeInIndex = 1; lastKnownFileType = text.xcconfig; name = "Pods-OS-Final.release.xcconfig"; path = "Target Support Files/Pods-OS-Final/Pods-OS-Final.release.xcconfig"; sourceTree = "<group>"; };
		60AA1E2C5064A54129B11594 /* Pods-OS-Final.debug.xcconfig */ = {isa = PBXFileReference; includeInIndex = 1; lastKnownFileType = text.xcconfig; name = "Pods-OS-Final.debug.xcconfig"; path = "Target Support Files/Pods-OS-Final/Pods-OS-Final.debug.xcconfig"; sourceTree = "<group>"; };
		8C08864F29472621008F6620 /* UserDefaultManager.swift */ = {isa = PBXFileReference; lastKnownFileType = sourcecode.swift; path = UserDefaultManager.swift; sourceTree = "<group>"; };
		8C0886512947463A008F6620 /* photoDataInfo.swift */ = {isa = PBXFileReference; lastKnownFileType = sourcecode.swift; path = photoDataInfo.swift; sourceTree = "<group>"; };
		8C0886542948743D008F6620 /* Array+.swift */ = {isa = PBXFileReference; lastKnownFileType = sourcecode.swift; path = "Array+.swift"; sourceTree = "<group>"; };
		8C0886582949F7F0008F6620 /* PhotoDetailVC.swift */ = {isa = PBXFileReference; lastKnownFileType = sourcecode.swift; path = PhotoDetailVC.swift; sourceTree = "<group>"; };
		8C0886592949F7F0008F6620 /* PhotoDetailVC.xib */ = {isa = PBXFileReference; lastKnownFileType = file.xib; path = PhotoDetailVC.xib; sourceTree = "<group>"; };
		8C0CA6012944840D0095AB57 /* NewPhotoVC.swift */ = {isa = PBXFileReference; lastKnownFileType = sourcecode.swift; path = NewPhotoVC.swift; sourceTree = "<group>"; };
		8C0CA6022944840D0095AB57 /* NewPhotoVC.xib */ = {isa = PBXFileReference; lastKnownFileType = file.xib; path = NewPhotoVC.xib; sourceTree = "<group>"; };
		8C116D9629531763009D9D56 /* UIBarButtonItem+.swift */ = {isa = PBXFileReference; lastKnownFileType = sourcecode.swift; path = "UIBarButtonItem+.swift"; sourceTree = "<group>"; };
		8C116D9829531B6C009D9D56 /* albumDataInfo.swift */ = {isa = PBXFileReference; lastKnownFileType = sourcecode.swift; path = albumDataInfo.swift; sourceTree = "<group>"; };
		8C116D9D2953305F009D9D56 /* ListDialogVC.swift */ = {isa = PBXFileReference; lastKnownFileType = sourcecode.swift; path = ListDialogVC.swift; sourceTree = "<group>"; };
		8C116D9E2953305F009D9D56 /* ListDialogVC.xib */ = {isa = PBXFileReference; lastKnownFileType = file.xib; path = ListDialogVC.xib; sourceTree = "<group>"; };
		8C116DA3295336AF009D9D56 /* ListDetailTableViewCell.swift */ = {isa = PBXFileReference; lastKnownFileType = sourcecode.swift; path = ListDetailTableViewCell.swift; sourceTree = "<group>"; };
		8C116DA4295336AF009D9D56 /* ListDetailTableViewCell.xib */ = {isa = PBXFileReference; lastKnownFileType = file.xib; path = ListDetailTableViewCell.xib; sourceTree = "<group>"; };
		8C1BDA80293F62F300176BED /* PhotoCollectionViewCell.swift */ = {isa = PBXFileReference; lastKnownFileType = sourcecode.swift; path = PhotoCollectionViewCell.swift; sourceTree = "<group>"; };
		8C1BDA81293F62F300176BED /* PhotoCollectionViewCell.xib */ = {isa = PBXFileReference; lastKnownFileType = file.xib; path = PhotoCollectionViewCell.xib; sourceTree = "<group>"; };
		8C4E94BD2930CFDF007591E6 /* OS-Final.app */ = {isa = PBXFileReference; explicitFileType = wrapper.application; includeInIndex = 0; path = "OS-Final.app"; sourceTree = BUILT_PRODUCTS_DIR; };
		8C4E94C02930CFDF007591E6 /* AppDelegate.swift */ = {isa = PBXFileReference; lastKnownFileType = sourcecode.swift; path = AppDelegate.swift; sourceTree = "<group>"; };
		8C4E94C22930CFDF007591E6 /* SceneDelegate.swift */ = {isa = PBXFileReference; lastKnownFileType = sourcecode.swift; path = SceneDelegate.swift; sourceTree = "<group>"; };
		8C4E94C42930CFDF007591E6 /* ViewController.swift */ = {isa = PBXFileReference; lastKnownFileType = sourcecode.swift; path = ViewController.swift; sourceTree = "<group>"; };
		8C4E94C72930CFDF007591E6 /* Base */ = {isa = PBXFileReference; lastKnownFileType = file.storyboard; name = Base; path = Base.lproj/Main.storyboard; sourceTree = "<group>"; };
		8C4E94C92930CFE0007591E6 /* Assets.xcassets */ = {isa = PBXFileReference; lastKnownFileType = folder.assetcatalog; path = Assets.xcassets; sourceTree = "<group>"; };
		8C4E94CC2930CFE0007591E6 /* Base */ = {isa = PBXFileReference; lastKnownFileType = file.storyboard; name = Base; path = Base.lproj/LaunchScreen.storyboard; sourceTree = "<group>"; };
		8C4E94CE2930CFE0007591E6 /* Info.plist */ = {isa = PBXFileReference; lastKnownFileType = text.plist.xml; path = Info.plist; sourceTree = "<group>"; };
		8C4E94D32930CFE0007591E6 /* OS-FinalTests.xctest */ = {isa = PBXFileReference; explicitFileType = wrapper.cfbundle; includeInIndex = 0; path = "OS-FinalTests.xctest"; sourceTree = BUILT_PRODUCTS_DIR; };
		8C4E94D72930CFE0007591E6 /* OS_FinalTests.swift */ = {isa = PBXFileReference; lastKnownFileType = sourcecode.swift; path = OS_FinalTests.swift; sourceTree = "<group>"; };
		8C4E94DD2930CFE0007591E6 /* OS-FinalUITests.xctest */ = {isa = PBXFileReference; explicitFileType = wrapper.cfbundle; includeInIndex = 0; path = "OS-FinalUITests.xctest"; sourceTree = BUILT_PRODUCTS_DIR; };
		8C4E94E12930CFE0007591E6 /* OS_FinalUITests.swift */ = {isa = PBXFileReference; lastKnownFileType = sourcecode.swift; path = OS_FinalUITests.swift; sourceTree = "<group>"; };
		8C4E94E32930CFE0007591E6 /* OS_FinalUITestsLaunchTests.swift */ = {isa = PBXFileReference; lastKnownFileType = sourcecode.swift; path = OS_FinalUITestsLaunchTests.swift; sourceTree = "<group>"; };
		8C551BA6293F406700516302 /* SwiftHeader.swift */ = {isa = PBXFileReference; lastKnownFileType = sourcecode.swift; path = SwiftHeader.swift; sourceTree = "<group>"; };
		8C7951DC294DBCA100D70E56 /* loading.gif */ = {isa = PBXFileReference; lastKnownFileType = image.gif; path = loading.gif; sourceTree = "<group>"; };
		8C7951E0295081FC00D70E56 /* UIViewController+Dialog.swift */ = {isa = PBXFileReference; lastKnownFileType = sourcecode.swift; path = "UIViewController+Dialog.swift"; sourceTree = "<group>"; };
		8C7951E3295082DE00D70E56 /* ChooseDialogVC.swift */ = {isa = PBXFileReference; lastKnownFileType = sourcecode.swift; path = ChooseDialogVC.swift; sourceTree = "<group>"; };
		8C7951E4295082DE00D70E56 /* ChooseDialogVC.xib */ = {isa = PBXFileReference; lastKnownFileType = file.xib; path = ChooseDialogVC.xib; sourceTree = "<group>"; };
		8C7951E7295087CA00D70E56 /* EnumManager.swift */ = {isa = PBXFileReference; lastKnownFileType = sourcecode.swift; path = EnumManager.swift; sourceTree = "<group>"; };
		8C810AD92930DCCA004E5347 /* BarCollectionViewCell.swift */ = {isa = PBXFileReference; lastKnownFileType = sourcecode.swift; path = BarCollectionViewCell.swift; sourceTree = "<group>"; };
		8C810ADA2930DCCA004E5347 /* BarCollectionViewCell.xib */ = {isa = PBXFileReference; lastKnownFileType = file.xib; path = BarCollectionViewCell.xib; sourceTree = "<group>"; };
		8C8752E0295706B30077DE9E /* OverViewVC.swift */ = {isa = PBXFileReference; lastKnownFileType = sourcecode.swift; path = OverViewVC.swift; sourceTree = "<group>"; };
		8C8752E1295706B30077DE9E /* OverViewVC.xib */ = {isa = PBXFileReference; lastKnownFileType = file.xib; path = OverViewVC.xib; sourceTree = "<group>"; };
		8C958F39293E047D000EF211 /* UIImage+.swift */ = {isa = PBXFileReference; lastKnownFileType = sourcecode.swift; path = "UIImage+.swift"; sourceTree = "<group>"; };
		8CA3BC16293F29BF00B029C7 /* UIColor+.swift */ = {isa = PBXFileReference; lastKnownFileType = sourcecode.swift; path = "UIColor+.swift"; sourceTree = "<group>"; };
		8CA3BC18293F2E0900B029C7 /* AlbumMainVC.swift */ = {isa = PBXFileReference; lastKnownFileType = sourcecode.swift; path = AlbumMainVC.swift; sourceTree = "<group>"; };
		8CA3BC1A293F2EAA00B029C7 /* SettingMainVC.swift */ = {isa = PBXFileReference; lastKnownFileType = sourcecode.swift; path = SettingMainVC.swift; sourceTree = "<group>"; };
		8CA3BC1D293F2FF300B029C7 /* UIView+layout.swift */ = {isa = PBXFileReference; lastKnownFileType = sourcecode.swift; path = "UIView+layout.swift"; sourceTree = "<group>"; };
		8CA3BC20293F377D00B029C7 /* AlbumCollectionViewCell.swift */ = {isa = PBXFileReference; lastKnownFileType = sourcecode.swift; path = AlbumCollectionViewCell.swift; sourceTree = "<group>"; };
		8CA3BC21293F377D00B029C7 /* AlbumCollectionViewCell.xib */ = {isa = PBXFileReference; lastKnownFileType = file.xib; path = AlbumCollectionViewCell.xib; sourceTree = "<group>"; };
		8CB1D6712951AF9B006B6E5B /* NewAlbumVC.swift */ = {isa = PBXFileReference; lastKnownFileType = sourcecode.swift; path = NewAlbumVC.swift; sourceTree = "<group>"; };
		8CB1D6722951AF9B006B6E5B /* NewAlbumVC.xib */ = {isa = PBXFileReference; lastKnownFileType = file.xib; path = NewAlbumVC.xib; sourceTree = "<group>"; };
		8CB340F829598FB3007E94D5 /* AlbumSettingDialogVC.swift */ = {isa = PBXFileReference; lastKnownFileType = sourcecode.swift; path = AlbumSettingDialogVC.swift; sourceTree = "<group>"; };
		8CB340F929598FB3007E94D5 /* AlbumSettingDialogVC.xib */ = {isa = PBXFileReference; lastKnownFileType = file.xib; path = AlbumSettingDialogVC.xib; sourceTree = "<group>"; };
		8CC5D0B8293E12380063D262 /* PhotoMainVC.swift */ = {isa = PBXFileReference; lastKnownFileType = sourcecode.swift; path = PhotoMainVC.swift; sourceTree = "<group>"; };
		8CCEAD4B2955C0C100A24A42 /* AlbumDetailVC.swift */ = {isa = PBXFileReference; lastKnownFileType = sourcecode.swift; path = AlbumDetailVC.swift; sourceTree = "<group>"; };
		8CCEAD4C2955C0C100A24A42 /* AlbumDetailVC.xib */ = {isa = PBXFileReference; lastKnownFileType = file.xib; path = AlbumDetailVC.xib; sourceTree = "<group>"; };
		8CE8F968294707740098E480 /* UIApplication+.swift */ = {isa = PBXFileReference; lastKnownFileType = sourcecode.swift; path = "UIApplication+.swift"; sourceTree = "<group>"; };
		8CFE2BE72943301F00398413 /* NotificationVC.swift */ = {isa = PBXFileReference; lastKnownFileType = sourcecode.swift; path = NotificationVC.swift; sourceTree = "<group>"; };
		8CFE2BEB294347A100398413 /* ApiManager.swift */ = {isa = PBXFileReference; lastKnownFileType = sourcecode.swift; path = ApiManager.swift; sourceTree = "<group>"; };
		8CFE2BED2943495D00398413 /* KeyManager.swift */ = {isa = PBXFileReference; lastKnownFileType = sourcecode.swift; path = KeyManager.swift; sourceTree = "<group>"; };
		8CFE2BEF2944761500398413 /* ApiManager+.swift */ = {isa = PBXFileReference; lastKnownFileType = sourcecode.swift; path = "ApiManager+.swift"; sourceTree = "<group>"; };
		8CFE2BF42944770500398413 /* MediaGetterRes.swift */ = {isa = PBXFileReference; lastKnownFileType = sourcecode.swift; path = MediaGetterRes.swift; sourceTree = "<group>"; };
		8CFE2BF72944788500398413 /* BaseRes.swift */ = {isa = PBXFileReference; lastKnownFileType = sourcecode.swift; path = BaseRes.swift; sourceTree = "<group>"; };
		A3B0B21B5A0215AC743C97F3 /* Pods-OS-Final-OS-FinalUITests.debug.xcconfig */ = {isa = PBXFileReference; includeInIndex = 1; lastKnownFileType = text.xcconfig; name = "Pods-OS-Final-OS-FinalUITests.debug.xcconfig"; path = "Target Support Files/Pods-OS-Final-OS-FinalUITests/Pods-OS-Final-OS-FinalUITests.debug.xcconfig"; sourceTree = "<group>"; };
		D738F68D07A32D4FFB5F460C /* Pods_OS_Final.framework */ = {isa = PBXFileReference; explicitFileType = wrapper.framework; includeInIndex = 0; path = Pods_OS_Final.framework; sourceTree = BUILT_PRODUCTS_DIR; };
		E57EE5188785D9FB221B3183 /* Pods_OS_FinalTests.framework */ = {isa = PBXFileReference; explicitFileType = wrapper.framework; includeInIndex = 0; path = Pods_OS_FinalTests.framework; sourceTree = BUILT_PRODUCTS_DIR; };
/* End PBXFileReference section */

/* Begin PBXFrameworksBuildPhase section */
		8C4E94BA2930CFDF007591E6 /* Frameworks */ = {
			isa = PBXFrameworksBuildPhase;
			buildActionMask = 2147483647;
			files = (
				65DFEECB2278C2C74270CAC3 /* Pods_OS_Final.framework in Frameworks */,
			);
			runOnlyForDeploymentPostprocessing = 0;
		};
		8C4E94D02930CFE0007591E6 /* Frameworks */ = {
			isa = PBXFrameworksBuildPhase;
			buildActionMask = 2147483647;
			files = (
				6783F7B96685E16A45132EE5 /* Pods_OS_FinalTests.framework in Frameworks */,
			);
			runOnlyForDeploymentPostprocessing = 0;
		};
		8C4E94DA2930CFE0007591E6 /* Frameworks */ = {
			isa = PBXFrameworksBuildPhase;
			buildActionMask = 2147483647;
			files = (
				6D9A32E3D9B06B236630E294 /* Pods_OS_Final_OS_FinalUITests.framework in Frameworks */,
			);
			runOnlyForDeploymentPostprocessing = 0;
		};
/* End PBXFrameworksBuildPhase section */

/* Begin PBXGroup section */
		17D2CCFA4044FFE2212FF252 /* Frameworks */ = {
			isa = PBXGroup;
			children = (
				D738F68D07A32D4FFB5F460C /* Pods_OS_Final.framework */,
				0E3DBF242B522C48282B5C35 /* Pods_OS_Final_OS_FinalUITests.framework */,
				E57EE5188785D9FB221B3183 /* Pods_OS_FinalTests.framework */,
			);
			name = Frameworks;
			sourceTree = "<group>";
		};
		86D4461F9C6413B87B44F051 /* Pods */ = {
			isa = PBXGroup;
			children = (
				60AA1E2C5064A54129B11594 /* Pods-OS-Final.debug.xcconfig */,
				4B30020FF6A542BD259C3368 /* Pods-OS-Final.release.xcconfig */,
				A3B0B21B5A0215AC743C97F3 /* Pods-OS-Final-OS-FinalUITests.debug.xcconfig */,
				41D0B0191A432925C7FA1389 /* Pods-OS-Final-OS-FinalUITests.release.xcconfig */,
				3FCFE5472817E1155138E3B2 /* Pods-OS-FinalTests.debug.xcconfig */,
				1164D36026F7BA37EDDE3D60 /* Pods-OS-FinalTests.release.xcconfig */,
			);
			path = Pods;
			sourceTree = "<group>";
		};
		8C0886532948742A008F6620 /* Array */ = {
			isa = PBXGroup;
			children = (
				8C0886542948743D008F6620 /* Array+.swift */,
			);
			path = Array;
			sourceTree = "<group>";
		};
		8C0886562949F7AC008F6620 /* DialogVC */ = {
			isa = PBXGroup;
			children = (
				8CB340F729598F88007E94D5 /* AlbumSettingDialogVC */,
				8C7951E2295082C800D70E56 /* ChooseDialogVC */,
				8C116D9A29533034009D9D56 /* ListDialogVC */,
			);
			path = DialogVC;
			sourceTree = "<group>";
		};
		8C0886572949F7CC008F6620 /* PhotoDetailVC */ = {
			isa = PBXGroup;
			children = (
				8C0886582949F7F0008F6620 /* PhotoDetailVC.swift */,
				8C0886592949F7F0008F6620 /* PhotoDetailVC.xib */,
			);
			path = PhotoDetailVC;
			sourceTree = "<group>";
		};
		8C0CA600294483A50095AB57 /* Photo */ = {
			isa = PBXGroup;
			children = (
				8C0CA6052944841C0095AB57 /* NewPhotoVC */,
				8C8752DF295706910077DE9E /* OverViewVC */,
				8C0886572949F7CC008F6620 /* PhotoDetailVC */,
			);
			path = Photo;
			sourceTree = "<group>";
		};
		8C0CA6052944841C0095AB57 /* NewPhotoVC */ = {
			isa = PBXGroup;
			children = (
				8C0CA6012944840D0095AB57 /* NewPhotoVC.swift */,
				8C0CA6022944840D0095AB57 /* NewPhotoVC.xib */,
			);
			path = NewPhotoVC;
			sourceTree = "<group>";
		};
		8C116D952953174A009D9D56 /* UIButton */ = {
			isa = PBXGroup;
			children = (
				8C116D9629531763009D9D56 /* UIBarButtonItem+.swift */,
			);
			path = UIButton;
			sourceTree = "<group>";
		};
		8C116D9A29533034009D9D56 /* ListDialogVC */ = {
			isa = PBXGroup;
			children = (
				8C116D9D2953305F009D9D56 /* ListDialogVC.swift */,
				8C116D9E2953305F009D9D56 /* ListDialogVC.xib */,
			);
			path = ListDialogVC;
			sourceTree = "<group>";
		};
		8C116DA129533663009D9D56 /* TableView */ = {
			isa = PBXGroup;
			children = (
				8C116DA22953366F009D9D56 /* ListDetailTableViewCell */,
			);
			path = TableView;
			sourceTree = "<group>";
		};
		8C116DA22953366F009D9D56 /* ListDetailTableViewCell */ = {
			isa = PBXGroup;
			children = (
				8C116DA3295336AF009D9D56 /* ListDetailTableViewCell.swift */,
				8C116DA4295336AF009D9D56 /* ListDetailTableViewCell.xib */,
			);
			path = ListDetailTableViewCell;
			sourceTree = "<group>";
		};
		8C1BDA7F293F62C200176BED /* PhotoCollectionViewCell */ = {
			isa = PBXGroup;
			children = (
				8C1BDA80293F62F300176BED /* PhotoCollectionViewCell.swift */,
				8C1BDA81293F62F300176BED /* PhotoCollectionViewCell.xib */,
			);
			path = PhotoCollectionViewCell;
			sourceTree = "<group>";
		};
		8C4E94B42930CFDF007591E6 = {
			isa = PBXGroup;
			children = (
				8C4E94BF2930CFDF007591E6 /* OS-Final */,
				8C4E94D62930CFE0007591E6 /* OS-FinalTests */,
				8C4E94E02930CFE0007591E6 /* OS-FinalUITests */,
				8C4E94BE2930CFDF007591E6 /* Products */,
				86D4461F9C6413B87B44F051 /* Pods */,
				17D2CCFA4044FFE2212FF252 /* Frameworks */,
			);
			sourceTree = "<group>";
		};
		8C4E94BE2930CFDF007591E6 /* Products */ = {
			isa = PBXGroup;
			children = (
				8C4E94BD2930CFDF007591E6 /* OS-Final.app */,
				8C4E94D32930CFE0007591E6 /* OS-FinalTests.xctest */,
				8C4E94DD2930CFE0007591E6 /* OS-FinalUITests.xctest */,
			);
			name = Products;
			sourceTree = "<group>";
		};
		8C4E94BF2930CFDF007591E6 /* OS-Final */ = {
			isa = PBXGroup;
			children = (
				8C7951DE294DBCAE00D70E56 /* Gif */,
				8C4E94C02930CFDF007591E6 /* AppDelegate.swift */,
				8C4E94C22930CFDF007591E6 /* SceneDelegate.swift */,
				8C551BA6293F406700516302 /* SwiftHeader.swift */,
				8CC5D0B5293E11EA0063D262 /* ViewController */,
				8C810AD62930DC11004E5347 /* Cell */,
				8CFE2BF1294476B200398413 /* Class */,
				8C958F37293E0444000EF211 /* Extension */,
				8CFE2BE92943474500398413 /* Manager */,
				8C4E94C92930CFE0007591E6 /* Assets.xcassets */,
				8C4E94C62930CFDF007591E6 /* Main.storyboard */,
				8C4E94CB2930CFE0007591E6 /* LaunchScreen.storyboard */,
				8C4E94CE2930CFE0007591E6 /* Info.plist */,
			);
			path = "OS-Final";
			sourceTree = "<group>";
		};
		8C4E94D62930CFE0007591E6 /* OS-FinalTests */ = {
			isa = PBXGroup;
			children = (
				8C4E94D72930CFE0007591E6 /* OS_FinalTests.swift */,
			);
			path = "OS-FinalTests";
			sourceTree = "<group>";
		};
		8C4E94E02930CFE0007591E6 /* OS-FinalUITests */ = {
			isa = PBXGroup;
			children = (
				8C4E94E12930CFE0007591E6 /* OS_FinalUITests.swift */,
				8C4E94E32930CFE0007591E6 /* OS_FinalUITestsLaunchTests.swift */,
			);
			path = "OS-FinalUITests";
			sourceTree = "<group>";
		};
		8C7951DE294DBCAE00D70E56 /* Gif */ = {
			isa = PBXGroup;
			children = (
				8C7951DC294DBCA100D70E56 /* loading.gif */,
			);
			path = Gif;
			sourceTree = "<group>";
		};
		8C7951DF295081CE00D70E56 /* UIViewController */ = {
			isa = PBXGroup;
			children = (
				8C7951E0295081FC00D70E56 /* UIViewController+Dialog.swift */,
			);
			path = UIViewController;
			sourceTree = "<group>";
		};
		8C7951E2295082C800D70E56 /* ChooseDialogVC */ = {
			isa = PBXGroup;
			children = (
				8C7951E3295082DE00D70E56 /* ChooseDialogVC.swift */,
				8C7951E4295082DE00D70E56 /* ChooseDialogVC.xib */,
			);
			path = ChooseDialogVC;
			sourceTree = "<group>";
		};
		8C810AD62930DC11004E5347 /* Cell */ = {
			isa = PBXGroup;
			children = (
				8C116DA129533663009D9D56 /* TableView */,
				8C810AD72930DC30004E5347 /* CollectionView */,
			);
			path = Cell;
			sourceTree = "<group>";
		};
		8C810AD72930DC30004E5347 /* CollectionView */ = {
			isa = PBXGroup;
			children = (
				8CA3BC1F293F374800B029C7 /* AlbumCollectionViewCell */,
				8C810AD82930DC74004E5347 /* BarCollectionViewCell */,
				8C1BDA7F293F62C200176BED /* PhotoCollectionViewCell */,
			);
			path = CollectionView;
			sourceTree = "<group>";
		};
		8C810AD82930DC74004E5347 /* BarCollectionViewCell */ = {
			isa = PBXGroup;
			children = (
				8C810AD92930DCCA004E5347 /* BarCollectionViewCell.swift */,
				8C810ADA2930DCCA004E5347 /* BarCollectionViewCell.xib */,
			);
			path = BarCollectionViewCell;
			sourceTree = "<group>";
		};
		8C8752DF295706910077DE9E /* OverViewVC */ = {
			isa = PBXGroup;
			children = (
				8C8752E0295706B30077DE9E /* OverViewVC.swift */,
				8C8752E1295706B30077DE9E /* OverViewVC.xib */,
			);
			path = OverViewVC;
			sourceTree = "<group>";
		};
		8C958F37293E0444000EF211 /* Extension */ = {
			isa = PBXGroup;
			children = (
				8C0886532948742A008F6620 /* Array */,
				8CE8F967294707660098E480 /* UIApplication */,
				8C116D952953174A009D9D56 /* UIButton */,
				8CA3BC15293F298E00B029C7 /* UIColor */,
				8C958F38293E0465000EF211 /* UIImage */,
				8CA3BC1C293F2FD400B029C7 /* UIView */,
				8C7951DF295081CE00D70E56 /* UIViewController */,
			);
			path = Extension;
			sourceTree = "<group>";
		};
		8C958F38293E0465000EF211 /* UIImage */ = {
			isa = PBXGroup;
			children = (
				8C958F39293E047D000EF211 /* UIImage+.swift */,
			);
			path = UIImage;
			sourceTree = "<group>";
		};
		8CA3BC15293F298E00B029C7 /* UIColor */ = {
			isa = PBXGroup;
			children = (
				8CA3BC16293F29BF00B029C7 /* UIColor+.swift */,
			);
			path = UIColor;
			sourceTree = "<group>";
		};
		8CA3BC1C293F2FD400B029C7 /* UIView */ = {
			isa = PBXGroup;
			children = (
				8CA3BC1D293F2FF300B029C7 /* UIView+layout.swift */,
			);
			path = UIView;
			sourceTree = "<group>";
		};
		8CA3BC1F293F374800B029C7 /* AlbumCollectionViewCell */ = {
			isa = PBXGroup;
			children = (
				8CA3BC20293F377D00B029C7 /* AlbumCollectionViewCell.swift */,
				8CA3BC21293F377D00B029C7 /* AlbumCollectionViewCell.xib */,
			);
			path = AlbumCollectionViewCell;
			sourceTree = "<group>";
		};
		8CB1D66F2951AF1F006B6E5B /* Album */ = {
			isa = PBXGroup;
			children = (
				8CCEAD4A2955C08B00A24A42 /* AlbumDetailVC */,
				8CB1D6702951AF3C006B6E5B /* NewAlbumVC */,
			);
			path = Album;
			sourceTree = "<group>";
		};
		8CB1D6702951AF3C006B6E5B /* NewAlbumVC */ = {
			isa = PBXGroup;
			children = (
				8CB1D6712951AF9B006B6E5B /* NewAlbumVC.swift */,
				8CB1D6722951AF9B006B6E5B /* NewAlbumVC.xib */,
			);
			path = NewAlbumVC;
			sourceTree = "<group>";
		};
		8CB340F729598F88007E94D5 /* AlbumSettingDialogVC */ = {
			isa = PBXGroup;
			children = (
				8CB340F829598FB3007E94D5 /* AlbumSettingDialogVC.swift */,
				8CB340F929598FB3007E94D5 /* AlbumSettingDialogVC.xib */,
			);
			path = AlbumSettingDialogVC;
			sourceTree = "<group>";
		};
		8CC5D0B5293E11EA0063D262 /* ViewController */ = {
			isa = PBXGroup;
			children = (
				8C0886562949F7AC008F6620 /* DialogVC */,
				8CFE2BF9294482B200398413 /* VC */,
			);
			path = ViewController;
			sourceTree = "<group>";
		};
		8CCEAD4A2955C08B00A24A42 /* AlbumDetailVC */ = {
			isa = PBXGroup;
			children = (
				8CCEAD4B2955C0C100A24A42 /* AlbumDetailVC.swift */,
				8CCEAD4C2955C0C100A24A42 /* AlbumDetailVC.xib */,
			);
			path = AlbumDetailVC;
			sourceTree = "<group>";
		};
		8CE8F967294707660098E480 /* UIApplication */ = {
			isa = PBXGroup;
			children = (
				8CE8F968294707740098E480 /* UIApplication+.swift */,
			);
			path = UIApplication;
			sourceTree = "<group>";
		};
		8CFE2BE92943474500398413 /* Manager */ = {
			isa = PBXGroup;
			children = (
				8CFE2BEA2943477C00398413 /* ApiManager */,
				8C7951E7295087CA00D70E56 /* EnumManager.swift */,
				8CFE2BED2943495D00398413 /* KeyManager.swift */,
				8C08864F29472621008F6620 /* UserDefaultManager.swift */,
			);
			path = Manager;
			sourceTree = "<group>";
		};
		8CFE2BEA2943477C00398413 /* ApiManager */ = {
			isa = PBXGroup;
			children = (
				8CFE2BEB294347A100398413 /* ApiManager.swift */,
				8CFE2BEF2944761500398413 /* ApiManager+.swift */,
			);
			path = ApiManager;
			sourceTree = "<group>";
		};
		8CFE2BF1294476B200398413 /* Class */ = {
			isa = PBXGroup;
			children = (
				8CFE2BF2294476D300398413 /* Api */,
			);
			path = Class;
			sourceTree = "<group>";
		};
		8CFE2BF2294476D300398413 /* Api */ = {
			isa = PBXGroup;
			children = (
				8CFE2BF62944786300398413 /* Base */,
				8CFE2BF3294476F200398413 /* MediaGetter */,
			);
			path = Api;
			sourceTree = "<group>";
		};
		8CFE2BF3294476F200398413 /* MediaGetter */ = {
			isa = PBXGroup;
			children = (
				8CFE2BF42944770500398413 /* MediaGetterRes.swift */,
				8C116D9829531B6C009D9D56 /* albumDataInfo.swift */,
				8C0886512947463A008F6620 /* photoDataInfo.swift */,
			);
			path = MediaGetter;
			sourceTree = "<group>";
		};
		8CFE2BF62944786300398413 /* Base */ = {
			isa = PBXGroup;
			children = (
				8CFE2BF72944788500398413 /* BaseRes.swift */,
			);
			path = Base;
			sourceTree = "<group>";
		};
		8CFE2BF9294482B200398413 /* VC */ = {
			isa = PBXGroup;
			children = (
				8CB1D66F2951AF1F006B6E5B /* Album */,
				8CA3BC18293F2E0900B029C7 /* AlbumMainVC.swift */,
				8CFE2BE72943301F00398413 /* NotificationVC.swift */,
				8C0CA600294483A50095AB57 /* Photo */,
				8CC5D0B8293E12380063D262 /* PhotoMainVC.swift */,
				8CA3BC1A293F2EAA00B029C7 /* SettingMainVC.swift */,
				8C4E94C42930CFDF007591E6 /* ViewController.swift */,
			);
			path = VC;
			sourceTree = "<group>";
		};
/* End PBXGroup section */

/* Begin PBXNativeTarget section */
		8C4E94BC2930CFDF007591E6 /* OS-Final */ = {
			isa = PBXNativeTarget;
			buildConfigurationList = 8C4E94E72930CFE0007591E6 /* Build configuration list for PBXNativeTarget "OS-Final" */;
			buildPhases = (
				7F7625AE0CFEA8661B7FDA43 /* [CP] Check Pods Manifest.lock */,
				8C4E94B92930CFDF007591E6 /* Sources */,
				8C4E94BA2930CFDF007591E6 /* Frameworks */,
				8C4E94BB2930CFDF007591E6 /* Resources */,
				EE6EB063756F3465BA83E500 /* [CP] Embed Pods Frameworks */,
			);
			buildRules = (
			);
			dependencies = (
			);
			name = "OS-Final";
			productName = "OS-Final";
			productReference = 8C4E94BD2930CFDF007591E6 /* OS-Final.app */;
			productType = "com.apple.product-type.application";
		};
		8C4E94D22930CFE0007591E6 /* OS-FinalTests */ = {
			isa = PBXNativeTarget;
			buildConfigurationList = 8C4E94EA2930CFE0007591E6 /* Build configuration list for PBXNativeTarget "OS-FinalTests" */;
			buildPhases = (
				E1194FEDC86026A6ED7DC259 /* [CP] Check Pods Manifest.lock */,
				8C4E94CF2930CFE0007591E6 /* Sources */,
				8C4E94D02930CFE0007591E6 /* Frameworks */,
				8C4E94D12930CFE0007591E6 /* Resources */,
			);
			buildRules = (
			);
			dependencies = (
				8C4E94D52930CFE0007591E6 /* PBXTargetDependency */,
			);
			name = "OS-FinalTests";
			productName = "OS-FinalTests";
			productReference = 8C4E94D32930CFE0007591E6 /* OS-FinalTests.xctest */;
			productType = "com.apple.product-type.bundle.unit-test";
		};
		8C4E94DC2930CFE0007591E6 /* OS-FinalUITests */ = {
			isa = PBXNativeTarget;
			buildConfigurationList = 8C4E94ED2930CFE0007591E6 /* Build configuration list for PBXNativeTarget "OS-FinalUITests" */;
			buildPhases = (
				39A5FA046CE18ABA21AF88FA /* [CP] Check Pods Manifest.lock */,
				8C4E94D92930CFE0007591E6 /* Sources */,
				8C4E94DA2930CFE0007591E6 /* Frameworks */,
				8C4E94DB2930CFE0007591E6 /* Resources */,
				4C96672BC7B3D399DE5596D7 /* [CP] Embed Pods Frameworks */,
			);
			buildRules = (
			);
			dependencies = (
				8C4E94DF2930CFE0007591E6 /* PBXTargetDependency */,
			);
			name = "OS-FinalUITests";
			productName = "OS-FinalUITests";
			productReference = 8C4E94DD2930CFE0007591E6 /* OS-FinalUITests.xctest */;
			productType = "com.apple.product-type.bundle.ui-testing";
		};
/* End PBXNativeTarget section */

/* Begin PBXProject section */
		8C4E94B52930CFDF007591E6 /* Project object */ = {
			isa = PBXProject;
			attributes = {
				BuildIndependentTargetsInParallel = 1;
				LastSwiftUpdateCheck = 1400;
				LastUpgradeCheck = 1400;
				TargetAttributes = {
					8C4E94BC2930CFDF007591E6 = {
						CreatedOnToolsVersion = 14.0.1;
					};
					8C4E94D22930CFE0007591E6 = {
						CreatedOnToolsVersion = 14.0.1;
						TestTargetID = 8C4E94BC2930CFDF007591E6;
					};
					8C4E94DC2930CFE0007591E6 = {
						CreatedOnToolsVersion = 14.0.1;
						TestTargetID = 8C4E94BC2930CFDF007591E6;
					};
				};
			};
			buildConfigurationList = 8C4E94B82930CFDF007591E6 /* Build configuration list for PBXProject "OS-Final" */;
			compatibilityVersion = "Xcode 14.0";
			developmentRegion = en;
			hasScannedForEncodings = 0;
			knownRegions = (
				en,
				Base,
			);
			mainGroup = 8C4E94B42930CFDF007591E6;
			productRefGroup = 8C4E94BE2930CFDF007591E6 /* Products */;
			projectDirPath = "";
			projectRoot = "";
			targets = (
				8C4E94BC2930CFDF007591E6 /* OS-Final */,
				8C4E94D22930CFE0007591E6 /* OS-FinalTests */,
				8C4E94DC2930CFE0007591E6 /* OS-FinalUITests */,
			);
		};
/* End PBXProject section */

/* Begin PBXResourcesBuildPhase section */
		8C4E94BB2930CFDF007591E6 /* Resources */ = {
			isa = PBXResourcesBuildPhase;
			buildActionMask = 2147483647;
			files = (
				8C4E94CD2930CFE0007591E6 /* LaunchScreen.storyboard in Resources */,
				8CB340FB29598FB3007E94D5 /* AlbumSettingDialogVC.xib in Resources */,
				8C7951E6295082DE00D70E56 /* ChooseDialogVC.xib in Resources */,
				8C4E94CA2930CFE0007591E6 /* Assets.xcassets in Resources */,
				8C0CA6042944840D0095AB57 /* NewPhotoVC.xib in Resources */,
				8CA3BC23293F377D00B029C7 /* AlbumCollectionViewCell.xib in Resources */,
				8C1BDA83293F62F300176BED /* PhotoCollectionViewCell.xib in Resources */,
				8C08865B2949F7F0008F6620 /* PhotoDetailVC.xib in Resources */,
				8C8752E3295706B30077DE9E /* OverViewVC.xib in Resources */,
				8CCEAD4E2955C0C100A24A42 /* AlbumDetailVC.xib in Resources */,
				8CB1D6742951AF9B006B6E5B /* NewAlbumVC.xib in Resources */,
				8C810ADC2930DCCA004E5347 /* BarCollectionViewCell.xib in Resources */,
				8C116DA6295336AF009D9D56 /* ListDetailTableViewCell.xib in Resources */,
				8C4E94C82930CFDF007591E6 /* Main.storyboard in Resources */,
				8C116DA02953305F009D9D56 /* ListDialogVC.xib in Resources */,
				8C7951DD294DBCA100D70E56 /* loading.gif in Resources */,
			);
			runOnlyForDeploymentPostprocessing = 0;
		};
		8C4E94D12930CFE0007591E6 /* Resources */ = {
			isa = PBXResourcesBuildPhase;
			buildActionMask = 2147483647;
			files = (
			);
			runOnlyForDeploymentPostprocessing = 0;
		};
		8C4E94DB2930CFE0007591E6 /* Resources */ = {
			isa = PBXResourcesBuildPhase;
			buildActionMask = 2147483647;
			files = (
			);
			runOnlyForDeploymentPostprocessing = 0;
		};
/* End PBXResourcesBuildPhase section */

/* Begin PBXShellScriptBuildPhase section */
		39A5FA046CE18ABA21AF88FA /* [CP] Check Pods Manifest.lock */ = {
			isa = PBXShellScriptBuildPhase;
			buildActionMask = 2147483647;
			files = (
			);
			inputFileListPaths = (
			);
			inputPaths = (
				"${PODS_PODFILE_DIR_PATH}/Podfile.lock",
				"${PODS_ROOT}/Manifest.lock",
			);
			name = "[CP] Check Pods Manifest.lock";
			outputFileListPaths = (
			);
			outputPaths = (
				"$(DERIVED_FILE_DIR)/Pods-OS-Final-OS-FinalUITests-checkManifestLockResult.txt",
			);
			runOnlyForDeploymentPostprocessing = 0;
			shellPath = /bin/sh;
			shellScript = "diff \"${PODS_PODFILE_DIR_PATH}/Podfile.lock\" \"${PODS_ROOT}/Manifest.lock\" > /dev/null\nif [ $? != 0 ] ; then\n    # print error to STDERR\n    echo \"error: The sandbox is not in sync with the Podfile.lock. Run 'pod install' or update your CocoaPods installation.\" >&2\n    exit 1\nfi\n# This output is used by Xcode 'outputs' to avoid re-running this script phase.\necho \"SUCCESS\" > \"${SCRIPT_OUTPUT_FILE_0}\"\n";
			showEnvVarsInLog = 0;
		};
		4C96672BC7B3D399DE5596D7 /* [CP] Embed Pods Frameworks */ = {
			isa = PBXShellScriptBuildPhase;
			buildActionMask = 2147483647;
			files = (
			);
			inputFileListPaths = (
				"${PODS_ROOT}/Target Support Files/Pods-OS-Final-OS-FinalUITests/Pods-OS-Final-OS-FinalUITests-frameworks-${CONFIGURATION}-input-files.xcfilelist",
			);
			name = "[CP] Embed Pods Frameworks";
			outputFileListPaths = (
				"${PODS_ROOT}/Target Support Files/Pods-OS-Final-OS-FinalUITests/Pods-OS-Final-OS-FinalUITests-frameworks-${CONFIGURATION}-output-files.xcfilelist",
			);
			runOnlyForDeploymentPostprocessing = 0;
			shellPath = /bin/sh;
			shellScript = "\"${PODS_ROOT}/Target Support Files/Pods-OS-Final-OS-FinalUITests/Pods-OS-Final-OS-FinalUITests-frameworks.sh\"\n";
			showEnvVarsInLog = 0;
		};
		7F7625AE0CFEA8661B7FDA43 /* [CP] Check Pods Manifest.lock */ = {
			isa = PBXShellScriptBuildPhase;
			buildActionMask = 2147483647;
			files = (
			);
			inputFileListPaths = (
			);
			inputPaths = (
				"${PODS_PODFILE_DIR_PATH}/Podfile.lock",
				"${PODS_ROOT}/Manifest.lock",
			);
			name = "[CP] Check Pods Manifest.lock";
			outputFileListPaths = (
			);
			outputPaths = (
				"$(DERIVED_FILE_DIR)/Pods-OS-Final-checkManifestLockResult.txt",
			);
			runOnlyForDeploymentPostprocessing = 0;
			shellPath = /bin/sh;
			shellScript = "diff \"${PODS_PODFILE_DIR_PATH}/Podfile.lock\" \"${PODS_ROOT}/Manifest.lock\" > /dev/null\nif [ $? != 0 ] ; then\n    # print error to STDERR\n    echo \"error: The sandbox is not in sync with the Podfile.lock. Run 'pod install' or update your CocoaPods installation.\" >&2\n    exit 1\nfi\n# This output is used by Xcode 'outputs' to avoid re-running this script phase.\necho \"SUCCESS\" > \"${SCRIPT_OUTPUT_FILE_0}\"\n";
			showEnvVarsInLog = 0;
		};
		E1194FEDC86026A6ED7DC259 /* [CP] Check Pods Manifest.lock */ = {
			isa = PBXShellScriptBuildPhase;
			buildActionMask = 2147483647;
			files = (
			);
			inputFileListPaths = (
			);
			inputPaths = (
				"${PODS_PODFILE_DIR_PATH}/Podfile.lock",
				"${PODS_ROOT}/Manifest.lock",
			);
			name = "[CP] Check Pods Manifest.lock";
			outputFileListPaths = (
			);
			outputPaths = (
				"$(DERIVED_FILE_DIR)/Pods-OS-FinalTests-checkManifestLockResult.txt",
			);
			runOnlyForDeploymentPostprocessing = 0;
			shellPath = /bin/sh;
			shellScript = "diff \"${PODS_PODFILE_DIR_PATH}/Podfile.lock\" \"${PODS_ROOT}/Manifest.lock\" > /dev/null\nif [ $? != 0 ] ; then\n    # print error to STDERR\n    echo \"error: The sandbox is not in sync with the Podfile.lock. Run 'pod install' or update your CocoaPods installation.\" >&2\n    exit 1\nfi\n# This output is used by Xcode 'outputs' to avoid re-running this script phase.\necho \"SUCCESS\" > \"${SCRIPT_OUTPUT_FILE_0}\"\n";
			showEnvVarsInLog = 0;
		};
		EE6EB063756F3465BA83E500 /* [CP] Embed Pods Frameworks */ = {
			isa = PBXShellScriptBuildPhase;
			buildActionMask = 2147483647;
			files = (
			);
			inputFileListPaths = (
				"${PODS_ROOT}/Target Support Files/Pods-OS-Final/Pods-OS-Final-frameworks-${CONFIGURATION}-input-files.xcfilelist",
			);
			name = "[CP] Embed Pods Frameworks";
			outputFileListPaths = (
				"${PODS_ROOT}/Target Support Files/Pods-OS-Final/Pods-OS-Final-frameworks-${CONFIGURATION}-output-files.xcfilelist",
			);
			runOnlyForDeploymentPostprocessing = 0;
			shellPath = /bin/sh;
			shellScript = "\"${PODS_ROOT}/Target Support Files/Pods-OS-Final/Pods-OS-Final-frameworks.sh\"\n";
			showEnvVarsInLog = 0;
		};
/* End PBXShellScriptBuildPhase section */

/* Begin PBXSourcesBuildPhase section */
		8C4E94B92930CFDF007591E6 /* Sources */ = {
			isa = PBXSourcesBuildPhase;
			buildActionMask = 2147483647;
			files = (
				8C4E94C52930CFDF007591E6 /* ViewController.swift in Sources */,
				8C0886552948743D008F6620 /* Array+.swift in Sources */,
				8C1BDA82293F62F300176BED /* PhotoCollectionViewCell.swift in Sources */,
				8CE8F969294707740098E480 /* UIApplication+.swift in Sources */,
				8C7951E8295087CA00D70E56 /* EnumManager.swift in Sources */,
				8CFE2BF02944761500398413 /* ApiManager+.swift in Sources */,
				8C7951E5295082DE00D70E56 /* ChooseDialogVC.swift in Sources */,
				8C4E94C12930CFDF007591E6 /* AppDelegate.swift in Sources */,
				8C116D9729531763009D9D56 /* UIBarButtonItem+.swift in Sources */,
				8CC5D0B9293E12380063D262 /* PhotoMainVC.swift in Sources */,
				8CFE2BF82944788500398413 /* BaseRes.swift in Sources */,
				8CB1D6732951AF9B006B6E5B /* NewAlbumVC.swift in Sources */,
				8C7951E1295081FC00D70E56 /* UIViewController+Dialog.swift in Sources */,
				8CA3BC19293F2E0900B029C7 /* AlbumMainVC.swift in Sources */,
				8C958F3A293E047D000EF211 /* UIImage+.swift in Sources */,
				8C0CA6032944840D0095AB57 /* NewPhotoVC.swift in Sources */,
				8C08865A2949F7F0008F6620 /* PhotoDetailVC.swift in Sources */,
				8CB340FA29598FB3007E94D5 /* AlbumSettingDialogVC.swift in Sources */,
				8C116D9929531B6C009D9D56 /* albumDataInfo.swift in Sources */,
				8C116D9F2953305F009D9D56 /* ListDialogVC.swift in Sources */,
				8C810ADB2930DCCA004E5347 /* BarCollectionViewCell.swift in Sources */,
				8CFE2BEC294347A100398413 /* ApiManager.swift in Sources */,
				8CCEAD4D2955C0C100A24A42 /* AlbumDetailVC.swift in Sources */,
				8C551BA7293F406700516302 /* SwiftHeader.swift in Sources */,
				8CA3BC1E293F2FF300B029C7 /* UIView+layout.swift in Sources */,
				8CA3BC1B293F2EAA00B029C7 /* SettingMainVC.swift in Sources */,
				8C4E94C32930CFDF007591E6 /* SceneDelegate.swift in Sources */,
				8CA3BC22293F377D00B029C7 /* AlbumCollectionViewCell.swift in Sources */,
				8C8752E2295706B30077DE9E /* OverViewVC.swift in Sources */,
				8CFE2BF52944770500398413 /* MediaGetterRes.swift in Sources */,
				8C08865029472621008F6620 /* UserDefaultManager.swift in Sources */,
				8C0886522947463A008F6620 /* photoDataInfo.swift in Sources */,
				8C116DA5295336AF009D9D56 /* ListDetailTableViewCell.swift in Sources */,
				8CA3BC17293F29BF00B029C7 /* UIColor+.swift in Sources */,
				8CFE2BE82943301F00398413 /* NotificationVC.swift in Sources */,
				8CFE2BEE2943495D00398413 /* KeyManager.swift in Sources */,
			);
			runOnlyForDeploymentPostprocessing = 0;
		};
		8C4E94CF2930CFE0007591E6 /* Sources */ = {
			isa = PBXSourcesBuildPhase;
			buildActionMask = 2147483647;
			files = (
				8C4E94D82930CFE0007591E6 /* OS_FinalTests.swift in Sources */,
			);
			runOnlyForDeploymentPostprocessing = 0;
		};
		8C4E94D92930CFE0007591E6 /* Sources */ = {
			isa = PBXSourcesBuildPhase;
			buildActionMask = 2147483647;
			files = (
				8C4E94E42930CFE0007591E6 /* OS_FinalUITestsLaunchTests.swift in Sources */,
				8C4E94E22930CFE0007591E6 /* OS_FinalUITests.swift in Sources */,
			);
			runOnlyForDeploymentPostprocessing = 0;
		};
/* End PBXSourcesBuildPhase section */

/* Begin PBXTargetDependency section */
		8C4E94D52930CFE0007591E6 /* PBXTargetDependency */ = {
			isa = PBXTargetDependency;
			target = 8C4E94BC2930CFDF007591E6 /* OS-Final */;
			targetProxy = 8C4E94D42930CFE0007591E6 /* PBXContainerItemProxy */;
		};
		8C4E94DF2930CFE0007591E6 /* PBXTargetDependency */ = {
			isa = PBXTargetDependency;
			target = 8C4E94BC2930CFDF007591E6 /* OS-Final */;
			targetProxy = 8C4E94DE2930CFE0007591E6 /* PBXContainerItemProxy */;
		};
/* End PBXTargetDependency section */

/* Begin PBXVariantGroup section */
		8C4E94C62930CFDF007591E6 /* Main.storyboard */ = {
			isa = PBXVariantGroup;
			children = (
				8C4E94C72930CFDF007591E6 /* Base */,
			);
			name = Main.storyboard;
			sourceTree = "<group>";
		};
		8C4E94CB2930CFE0007591E6 /* LaunchScreen.storyboard */ = {
			isa = PBXVariantGroup;
			children = (
				8C4E94CC2930CFE0007591E6 /* Base */,
			);
			name = LaunchScreen.storyboard;
			sourceTree = "<group>";
		};
/* End PBXVariantGroup section */

/* Begin XCBuildConfiguration section */
		8C4E94E52930CFE0007591E6 /* Debug */ = {
			isa = XCBuildConfiguration;
			buildSettings = {
				ALWAYS_SEARCH_USER_PATHS = NO;
				CLANG_ANALYZER_NONNULL = YES;
				CLANG_ANALYZER_NUMBER_OBJECT_CONVERSION = YES_AGGRESSIVE;
				CLANG_CXX_LANGUAGE_STANDARD = "gnu++20";
				CLANG_ENABLE_MODULES = YES;
				CLANG_ENABLE_OBJC_ARC = YES;
				CLANG_ENABLE_OBJC_WEAK = YES;
				CLANG_WARN_BLOCK_CAPTURE_AUTORELEASING = YES;
				CLANG_WARN_BOOL_CONVERSION = YES;
				CLANG_WARN_COMMA = YES;
				CLANG_WARN_CONSTANT_CONVERSION = YES;
				CLANG_WARN_DEPRECATED_OBJC_IMPLEMENTATIONS = YES;
				CLANG_WARN_DIRECT_OBJC_ISA_USAGE = YES_ERROR;
				CLANG_WARN_DOCUMENTATION_COMMENTS = YES;
				CLANG_WARN_EMPTY_BODY = YES;
				CLANG_WARN_ENUM_CONVERSION = YES;
				CLANG_WARN_INFINITE_RECURSION = YES;
				CLANG_WARN_INT_CONVERSION = YES;
				CLANG_WARN_NON_LITERAL_NULL_CONVERSION = YES;
				CLANG_WARN_OBJC_IMPLICIT_RETAIN_SELF = YES;
				CLANG_WARN_OBJC_LITERAL_CONVERSION = YES;
				CLANG_WARN_OBJC_ROOT_CLASS = YES_ERROR;
				CLANG_WARN_QUOTED_INCLUDE_IN_FRAMEWORK_HEADER = YES;
				CLANG_WARN_RANGE_LOOP_ANALYSIS = YES;
				CLANG_WARN_STRICT_PROTOTYPES = YES;
				CLANG_WARN_SUSPICIOUS_MOVE = YES;
				CLANG_WARN_UNGUARDED_AVAILABILITY = YES_AGGRESSIVE;
				CLANG_WARN_UNREACHABLE_CODE = YES;
				CLANG_WARN__DUPLICATE_METHOD_MATCH = YES;
				COPY_PHASE_STRIP = NO;
				DEBUG_INFORMATION_FORMAT = dwarf;
				ENABLE_STRICT_OBJC_MSGSEND = YES;
				ENABLE_TESTABILITY = YES;
				GCC_C_LANGUAGE_STANDARD = gnu11;
				GCC_DYNAMIC_NO_PIC = NO;
				GCC_NO_COMMON_BLOCKS = YES;
				GCC_OPTIMIZATION_LEVEL = 0;
				GCC_PREPROCESSOR_DEFINITIONS = (
					"DEBUG=1",
					"$(inherited)",
				);
				GCC_WARN_64_TO_32_BIT_CONVERSION = YES;
				GCC_WARN_ABOUT_RETURN_TYPE = YES_ERROR;
				GCC_WARN_UNDECLARED_SELECTOR = YES;
				GCC_WARN_UNINITIALIZED_AUTOS = YES_AGGRESSIVE;
				GCC_WARN_UNUSED_FUNCTION = YES;
				GCC_WARN_UNUSED_VARIABLE = YES;
				IPHONEOS_DEPLOYMENT_TARGET = 16.0;
				MTL_ENABLE_DEBUG_INFO = INCLUDE_SOURCE;
				MTL_FAST_MATH = YES;
				ONLY_ACTIVE_ARCH = YES;
				SDKROOT = iphoneos;
				SWIFT_ACTIVE_COMPILATION_CONDITIONS = DEBUG;
				SWIFT_OPTIMIZATION_LEVEL = "-Onone";
			};
			name = Debug;
		};
		8C4E94E62930CFE0007591E6 /* Release */ = {
			isa = XCBuildConfiguration;
			buildSettings = {
				ALWAYS_SEARCH_USER_PATHS = NO;
				CLANG_ANALYZER_NONNULL = YES;
				CLANG_ANALYZER_NUMBER_OBJECT_CONVERSION = YES_AGGRESSIVE;
				CLANG_CXX_LANGUAGE_STANDARD = "gnu++20";
				CLANG_ENABLE_MODULES = YES;
				CLANG_ENABLE_OBJC_ARC = YES;
				CLANG_ENABLE_OBJC_WEAK = YES;
				CLANG_WARN_BLOCK_CAPTURE_AUTORELEASING = YES;
				CLANG_WARN_BOOL_CONVERSION = YES;
				CLANG_WARN_COMMA = YES;
				CLANG_WARN_CONSTANT_CONVERSION = YES;
				CLANG_WARN_DEPRECATED_OBJC_IMPLEMENTATIONS = YES;
				CLANG_WARN_DIRECT_OBJC_ISA_USAGE = YES_ERROR;
				CLANG_WARN_DOCUMENTATION_COMMENTS = YES;
				CLANG_WARN_EMPTY_BODY = YES;
				CLANG_WARN_ENUM_CONVERSION = YES;
				CLANG_WARN_INFINITE_RECURSION = YES;
				CLANG_WARN_INT_CONVERSION = YES;
				CLANG_WARN_NON_LITERAL_NULL_CONVERSION = YES;
				CLANG_WARN_OBJC_IMPLICIT_RETAIN_SELF = YES;
				CLANG_WARN_OBJC_LITERAL_CONVERSION = YES;
				CLANG_WARN_OBJC_ROOT_CLASS = YES_ERROR;
				CLANG_WARN_QUOTED_INCLUDE_IN_FRAMEWORK_HEADER = YES;
				CLANG_WARN_RANGE_LOOP_ANALYSIS = YES;
				CLANG_WARN_STRICT_PROTOTYPES = YES;
				CLANG_WARN_SUSPICIOUS_MOVE = YES;
				CLANG_WARN_UNGUARDED_AVAILABILITY = YES_AGGRESSIVE;
				CLANG_WARN_UNREACHABLE_CODE = YES;
				CLANG_WARN__DUPLICATE_METHOD_MATCH = YES;
				COPY_PHASE_STRIP = NO;
				DEBUG_INFORMATION_FORMAT = "dwarf-with-dsym";
				ENABLE_NS_ASSERTIONS = NO;
				ENABLE_STRICT_OBJC_MSGSEND = YES;
				GCC_C_LANGUAGE_STANDARD = gnu11;
				GCC_NO_COMMON_BLOCKS = YES;
				GCC_WARN_64_TO_32_BIT_CONVERSION = YES;
				GCC_WARN_ABOUT_RETURN_TYPE = YES_ERROR;
				GCC_WARN_UNDECLARED_SELECTOR = YES;
				GCC_WARN_UNINITIALIZED_AUTOS = YES_AGGRESSIVE;
				GCC_WARN_UNUSED_FUNCTION = YES;
				GCC_WARN_UNUSED_VARIABLE = YES;
				IPHONEOS_DEPLOYMENT_TARGET = 16.0;
				MTL_ENABLE_DEBUG_INFO = NO;
				MTL_FAST_MATH = YES;
				SDKROOT = iphoneos;
				SWIFT_COMPILATION_MODE = wholemodule;
				SWIFT_OPTIMIZATION_LEVEL = "-O";
				VALIDATE_PRODUCT = YES;
			};
			name = Release;
		};
		8C4E94E82930CFE0007591E6 /* Debug */ = {
			isa = XCBuildConfiguration;
			baseConfigurationReference = 60AA1E2C5064A54129B11594 /* Pods-OS-Final.debug.xcconfig */;
			buildSettings = {
				ASSETCATALOG_COMPILER_APPICON_NAME = AppIcon;
				ASSETCATALOG_COMPILER_GLOBAL_ACCENT_COLOR_NAME = AccentColor;
				CODE_SIGN_STYLE = Automatic;
				CURRENT_PROJECT_VERSION = 1;
				DEVELOPMENT_TEAM = ACX3M6X8Z7;
				GENERATE_INFOPLIST_FILE = YES;
				INFOPLIST_FILE = "OS-Final/Info.plist";
				INFOPLIST_KEY_CFBundleDisplayName = Final;
				INFOPLIST_KEY_UIApplicationSupportsIndirectInputEvents = YES;
				INFOPLIST_KEY_UILaunchStoryboardName = LaunchScreen;
				INFOPLIST_KEY_UIMainStoryboardFile = Main;
				INFOPLIST_KEY_UIStatusBarStyle = UIStatusBarStyleDarkContent;
				INFOPLIST_KEY_UISupportedInterfaceOrientations = UIInterfaceOrientationPortrait;
				IPHONEOS_DEPLOYMENT_TARGET = 15.0;
				LD_RUNPATH_SEARCH_PATHS = (
					"$(inherited)",
					"@executable_path/Frameworks",
				);
				MARKETING_VERSION = 1.0;
				PRODUCT_BUNDLE_IDENTIFIER = "final.OS-Final";
				PRODUCT_NAME = "$(TARGET_NAME)";
				SWIFT_EMIT_LOC_STRINGS = YES;
				SWIFT_VERSION = 5.0;
				TARGETED_DEVICE_FAMILY = "1,2";
			};
			name = Debug;
		};
		8C4E94E92930CFE0007591E6 /* Release */ = {
			isa = XCBuildConfiguration;
			baseConfigurationReference = 4B30020FF6A542BD259C3368 /* Pods-OS-Final.release.xcconfig */;
			buildSettings = {
				ASSETCATALOG_COMPILER_APPICON_NAME = AppIcon;
				ASSETCATALOG_COMPILER_GLOBAL_ACCENT_COLOR_NAME = AccentColor;
				CODE_SIGN_STYLE = Automatic;
				CURRENT_PROJECT_VERSION = 1;
				DEVELOPMENT_TEAM = ACX3M6X8Z7;
				GENERATE_INFOPLIST_FILE = YES;
				INFOPLIST_FILE = "OS-Final/Info.plist";
				INFOPLIST_KEY_CFBundleDisplayName = Final;
				INFOPLIST_KEY_UIApplicationSupportsIndirectInputEvents = YES;
				INFOPLIST_KEY_UILaunchStoryboardName = LaunchScreen;
				INFOPLIST_KEY_UIMainStoryboardFile = Main;
				INFOPLIST_KEY_UIStatusBarStyle = UIStatusBarStyleDarkContent;
				INFOPLIST_KEY_UISupportedInterfaceOrientations = UIInterfaceOrientationPortrait;
				IPHONEOS_DEPLOYMENT_TARGET = 15.0;
				LD_RUNPATH_SEARCH_PATHS = (
					"$(inherited)",
					"@executable_path/Frameworks",
				);
				MARKETING_VERSION = 1.0;
				PRODUCT_BUNDLE_IDENTIFIER = "final.OS-Final";
				PRODUCT_NAME = "$(TARGET_NAME)";
				SWIFT_EMIT_LOC_STRINGS = YES;
				SWIFT_VERSION = 5.0;
				TARGETED_DEVICE_FAMILY = "1,2";
			};
			name = Release;
		};
		8C4E94EB2930CFE0007591E6 /* Debug */ = {
			isa = XCBuildConfiguration;
			baseConfigurationReference = 3FCFE5472817E1155138E3B2 /* Pods-OS-FinalTests.debug.xcconfig */;
			buildSettings = {
				ALWAYS_EMBED_SWIFT_STANDARD_LIBRARIES = YES;
				BUNDLE_LOADER = "$(TEST_HOST)";
				CODE_SIGN_STYLE = Automatic;
				CURRENT_PROJECT_VERSION = 1;
				GENERATE_INFOPLIST_FILE = YES;
				IPHONEOS_DEPLOYMENT_TARGET = 16.0;
				MARKETING_VERSION = 1.0;
				PRODUCT_BUNDLE_IDENTIFIER = "final.OS-FinalTests";
				PRODUCT_NAME = "$(TARGET_NAME)";
				SWIFT_EMIT_LOC_STRINGS = NO;
				SWIFT_VERSION = 5.0;
				TARGETED_DEVICE_FAMILY = "1,2";
				TEST_HOST = "$(BUILT_PRODUCTS_DIR)/OS-Final.app/$(BUNDLE_EXECUTABLE_FOLDER_PATH)/OS-Final";
			};
			name = Debug;
		};
		8C4E94EC2930CFE0007591E6 /* Release */ = {
			isa = XCBuildConfiguration;
			baseConfigurationReference = 1164D36026F7BA37EDDE3D60 /* Pods-OS-FinalTests.release.xcconfig */;
			buildSettings = {
				ALWAYS_EMBED_SWIFT_STANDARD_LIBRARIES = YES;
				BUNDLE_LOADER = "$(TEST_HOST)";
				CODE_SIGN_STYLE = Automatic;
				CURRENT_PROJECT_VERSION = 1;
				GENERATE_INFOPLIST_FILE = YES;
				IPHONEOS_DEPLOYMENT_TARGET = 16.0;
				MARKETING_VERSION = 1.0;
				PRODUCT_BUNDLE_IDENTIFIER = "final.OS-FinalTests";
				PRODUCT_NAME = "$(TARGET_NAME)";
				SWIFT_EMIT_LOC_STRINGS = NO;
				SWIFT_VERSION = 5.0;
				TARGETED_DEVICE_FAMILY = "1,2";
				TEST_HOST = "$(BUILT_PRODUCTS_DIR)/OS-Final.app/$(BUNDLE_EXECUTABLE_FOLDER_PATH)/OS-Final";
			};
			name = Release;
		};
		8C4E94EE2930CFE0007591E6 /* Debug */ = {
			isa = XCBuildConfiguration;
			baseConfigurationReference = A3B0B21B5A0215AC743C97F3 /* Pods-OS-Final-OS-FinalUITests.debug.xcconfig */;
			buildSettings = {
				ALWAYS_EMBED_SWIFT_STANDARD_LIBRARIES = YES;
				CODE_SIGN_STYLE = Automatic;
				CURRENT_PROJECT_VERSION = 1;
				GENERATE_INFOPLIST_FILE = YES;
				MARKETING_VERSION = 1.0;
				PRODUCT_BUNDLE_IDENTIFIER = "final.OS-FinalUITests";
				PRODUCT_NAME = "$(TARGET_NAME)";
				SWIFT_EMIT_LOC_STRINGS = NO;
				SWIFT_VERSION = 5.0;
				TARGETED_DEVICE_FAMILY = "1,2";
				TEST_TARGET_NAME = "OS-Final";
			};
			name = Debug;
		};
		8C4E94EF2930CFE0007591E6 /* Release */ = {
			isa = XCBuildConfiguration;
			baseConfigurationReference = 41D0B0191A432925C7FA1389 /* Pods-OS-Final-OS-FinalUITests.release.xcconfig */;
			buildSettings = {
				ALWAYS_EMBED_SWIFT_STANDARD_LIBRARIES = YES;
				CODE_SIGN_STYLE = Automatic;
				CURRENT_PROJECT_VERSION = 1;
				GENERATE_INFOPLIST_FILE = YES;
				MARKETING_VERSION = 1.0;
				PRODUCT_BUNDLE_IDENTIFIER = "final.OS-FinalUITests";
				PRODUCT_NAME = "$(TARGET_NAME)";
				SWIFT_EMIT_LOC_STRINGS = NO;
				SWIFT_VERSION = 5.0;
				TARGETED_DEVICE_FAMILY = "1,2";
				TEST_TARGET_NAME = "OS-Final";
			};
			name = Release;
		};
/* End XCBuildConfiguration section */

/* Begin XCConfigurationList section */
		8C4E94B82930CFDF007591E6 /* Build configuration list for PBXProject "OS-Final" */ = {
			isa = XCConfigurationList;
			buildConfigurations = (
				8C4E94E52930CFE0007591E6 /* Debug */,
				8C4E94E62930CFE0007591E6 /* Release */,
			);
			defaultConfigurationIsVisible = 0;
			defaultConfigurationName = Release;
		};
		8C4E94E72930CFE0007591E6 /* Build configuration list for PBXNativeTarget "OS-Final" */ = {
			isa = XCConfigurationList;
			buildConfigurations = (
				8C4E94E82930CFE0007591E6 /* Debug */,
				8C4E94E92930CFE0007591E6 /* Release */,
			);
			defaultConfigurationIsVisible = 0;
			defaultConfigurationName = Release;
		};
		8C4E94EA2930CFE0007591E6 /* Build configuration list for PBXNativeTarget "OS-FinalTests" */ = {
			isa = XCConfigurationList;
			buildConfigurations = (
				8C4E94EB2930CFE0007591E6 /* Debug */,
				8C4E94EC2930CFE0007591E6 /* Release */,
			);
			defaultConfigurationIsVisible = 0;
			defaultConfigurationName = Release;
		};
		8C4E94ED2930CFE0007591E6 /* Build configuration list for PBXNativeTarget "OS-FinalUITests" */ = {
			isa = XCConfigurationList;
			buildConfigurations = (
				8C4E94EE2930CFE0007591E6 /* Debug */,
				8C4E94EF2930CFE0007591E6 /* Release */,
			);
			defaultConfigurationIsVisible = 0;
			defaultConfigurationName = Release;
		};
/* End XCConfigurationList section */
	};
	rootObject = 8C4E94B52930CFDF007591E6 /* Project object */;
}
