// !$*UTF8*$!
{
	archiveVersion = 1;
	classes = {
	};
	objectVersion = 56;
	objects = {

/* Begin PBXBuildFile section */
		8C4E94C12930CFDF007591E6 /* AppDelegate.swift in Sources */ = {isa = PBXBuildFile; fileRef = 8C4E94C02930CFDF007591E6 /* AppDelegate.swift */; };
		8C4E94C32930CFDF007591E6 /* SceneDelegate.swift in Sources */ = {isa = PBXBuildFile; fileRef = 8C4E94C22930CFDF007591E6 /* SceneDelegate.swift */; };
		8C4E94C52930CFDF007591E6 /* ViewController.swift in Sources */ = {isa = PBXBuildFile; fileRef = 8C4E94C42930CFDF007591E6 /* ViewController.swift */; };
		8C4E94C82930CFDF007591E6 /* Main.storyboard in Resources */ = {isa = PBXBuildFile; fileRef = 8C4E94C62930CFDF007591E6 /* Main.storyboard */; };
		8C4E94CA2930CFE0007591E6 /* Assets.xcassets in Resources */ = {isa = PBXBuildFile; fileRef = 8C4E94C92930CFE0007591E6 /* Assets.xcassets */; };
		8C4E94CD2930CFE0007591E6 /* LaunchScreen.storyboard in Resources */ = {isa = PBXBuildFile; fileRef = 8C4E94CB2930CFE0007591E6 /* LaunchScreen.storyboard */; };
		8C4E94D82930CFE0007591E6 /* OS_FinalTests.swift in Sources */ = {isa = PBXBuildFile; fileRef = 8C4E94D72930CFE0007591E6 /* OS_FinalTests.swift */; };
		8C4E94E22930CFE0007591E6 /* OS_FinalUITests.swift in Sources */ = {isa = PBXBuildFile; fileRef = 8C4E94E12930CFE0007591E6 /* OS_FinalUITests.swift */; };
		8C4E94E42930CFE0007591E6 /* OS_FinalUITestsLaunchTests.swift in Sources */ = {isa = PBXBuildFile; fileRef = 8C4E94E32930CFE0007591E6 /* OS_FinalUITestsLaunchTests.swift */; };
/* End PBXBuildFile section */

/* Begin PBXContainerItemProxy section */
		8C4E94D42930CFE0007591E6 /* PBXContainerItemProxy */ = {
			isa = PBXContainerItemProxy;
			containerPortal = 8C4E94B52930CFDF007591E6 /* Project object */;
			proxyType = 1;
			remoteGlobalIDString = 8C4E94BC2930CFDF007591E6;
			remoteInfo = "OS-Final";
		};
		8C4E94DE2930CFE0007591E6 /* PBXContainerItemProxy */ = {
			isa = PBXContainerItemProxy;
			containerPortal = 8C4E94B52930CFDF007591E6 /* Project object */;
			proxyType = 1;
			remoteGlobalIDString = 8C4E94BC2930CFDF007591E6;
			remoteInfo = "OS-Final";
		};
/* End PBXContainerItemProxy section */

/* Begin PBXFileReference section */
		8C4E94BD2930CFDF007591E6 /* OS-Final.app */ = {isa = PBXFileReference; explicitFileType = wrapper.application; includeInIndex = 0; path = "OS-Final.app"; sourceTree = BUILT_PRODUCTS_DIR; };
		8C4E94C02930CFDF007591E6 /* AppDelegate.swift */ = {isa = PBXFileReference; lastKnownFileType = sourcecode.swift; path = AppDelegate.swift; sourceTree = "<group>"; };
		8C4E94C22930CFDF007591E6 /* SceneDelegate.swift */ = {isa = PBXFileReference; lastKnownFileType = sourcecode.swift; path = SceneDelegate.swift; sourceTree = "<group>"; };
		8C4E94C42930CFDF007591E6 /* ViewController.swift */ = {isa = PBXFileReference; lastKnownFileType = sourcecode.swift; path = ViewController.swift; sourceTree = "<group>"; };
		8C4E94C72930CFDF007591E6 /* Base */ = {isa = PBXFileReference; lastKnownFileType = file.storyboard; name = Base; path = Base.lproj/Main.storyboard; sourceTree = "<group>"; };
		8C4E94C92930CFE0007591E6 /* Assets.xcassets */ = {isa = PBXFileReference; lastKnownFileType = folder.assetcatalog; path = Assets.xcassets; sourceTree = "<group>"; };
		8C4E94CC2930CFE0007591E6 /* Base */ = {isa = PBXFileReference; lastKnownFileType = file.storyboard; name = Base; path = Base.lproj/LaunchScreen.storyboard; sourceTree = "<group>"; };
		8C4E94CE2930CFE0007591E6 /* Info.plist */ = {isa = PBXFileReference; lastKnownFileType = text.plist.xml; path = Info.plist; sourceTree = "<group>"; };
		8C4E94D32930CFE0007591E6 /* OS-FinalTests.xctest */ = {isa = PBXFileReference; explicitFileType = wrapper.cfbundle; includeInIndex = 0; path = "OS-FinalTests.xctest"; sourceTree = BUILT_PRODUCTS_DIR; };
		8C4E94D72930CFE0007591E6 /* OS_FinalTests.swift */ = {isa = PBXFileReference; lastKnownFileType = sourcecode.swift; path = OS_FinalTests.swift; sourceTree = "<group>"; };
		8C4E94DD2930CFE0007591E6 /* OS-FinalUITests.xctest */ = {isa = PBXFileReference; explicitFileType = wrapper.cfbundle; includeInIndex = 0; path = "OS-FinalUITests.xctest"; sourceTree = BUILT_PRODUCTS_DIR; };
		8C4E94E12930CFE0007591E6 /* OS_FinalUITests.swift */ = {isa = PBXFileReference; lastKnownFileType = sourcecode.swift; path = OS_FinalUITests.swift; sourceTree = "<group>"; };
		8C4E94E32930CFE0007591E6 /* OS_FinalUITestsLaunchTests.swift */ = {isa = PBXFileReference; lastKnownFileType = sourcecode.swift; path = OS_FinalUITestsLaunchTests.swift; sourceTree = "<group>"; };
/* End PBXFileReference section */

/* Begin PBXFrameworksBuildPhase section */
		8C4E94BA2930CFDF007591E6 /* Frameworks */ = {
			isa = PBXFrameworksBuildPhase;
			buildActionMask = 2147483647;
			files = (
			);
			runOnlyForDeploymentPostprocessing = 0;
		};
		8C4E94D02930CFE0007591E6 /* Frameworks */ = {
			isa = PBXFrameworksBuildPhase;
			buildActionMask = 2147483647;
			files = (
			);
			runOnlyForDeploymentPostprocessing = 0;
		};
		8C4E94DA2930CFE0007591E6 /* Frameworks */ = {
			isa = PBXFrameworksBuildPhase;
			buildActionMask = 2147483647;
			files = (
			);
			runOnlyForDeploymentPostprocessing = 0;
		};
/* End PBXFrameworksBuildPhase section */

/* Begin PBXGroup section */
		8C4E94B42930CFDF007591E6 = {
			isa = PBXGroup;
			children = (
				8C4E94BF2930CFDF007591E6 /* OS-Final */,
				8C4E94D62930CFE0007591E6 /* OS-FinalTests */,
				8C4E94E02930CFE0007591E6 /* OS-FinalUITests */,
				8C4E94BE2930CFDF007591E6 /* Products */,
			);
			sourceTree = "<group>";
		};
		8C4E94BE2930CFDF007591E6 /* Products */ = {
			isa = PBXGroup;
			children = (
				8C4E94BD2930CFDF007591E6 /* OS-Final.app */,
				8C4E94D32930CFE0007591E6 /* OS-FinalTests.xctest */,
				8C4E94DD2930CFE0007591E6 /* OS-FinalUITests.xctest */,
			);
			name = Products;
			sourceTree = "<group>";
		};
		8C4E94BF2930CFDF007591E6 /* OS-Final */ = {
			isa = PBXGroup;
			children = (
				8C4E94C02930CFDF007591E6 /* AppDelegate.swift */,
				8C4E94C22930CFDF007591E6 /* SceneDelegate.swift */,
				8C4E94C42930CFDF007591E6 /* ViewController.swift */,
				8C4E94C62930CFDF007591E6 /* Main.storyboard */,
				8C4E94C92930CFE0007591E6 /* Assets.xcassets */,
				8C4E94CB2930CFE0007591E6 /* LaunchScreen.storyboard */,
				8C4E94CE2930CFE0007591E6 /* Info.plist */,
			);
			path = "OS-Final";
			sourceTree = "<group>";
		};
		8C4E94D62930CFE0007591E6 /* OS-FinalTests */ = {
			isa = PBXGroup;
			children = (
				8C4E94D72930CFE0007591E6 /* OS_FinalTests.swift */,
			);
			path = "OS-FinalTests";
			sourceTree = "<group>";
		};
		8C4E94E02930CFE0007591E6 /* OS-FinalUITests */ = {
			isa = PBXGroup;
			children = (
				8C4E94E12930CFE0007591E6 /* OS_FinalUITests.swift */,
				8C4E94E32930CFE0007591E6 /* OS_FinalUITestsLaunchTests.swift */,
			);
			path = "OS-FinalUITests";
			sourceTree = "<group>";
		};
/* End PBXGroup section */

/* Begin PBXNativeTarget section */
		8C4E94BC2930CFDF007591E6 /* OS-Final */ = {
			isa = PBXNativeTarget;
			buildConfigurationList = 8C4E94E72930CFE0007591E6 /* Build configuration list for PBXNativeTarget "OS-Final" */;
			buildPhases = (
				8C4E94B92930CFDF007591E6 /* Sources */,
				8C4E94BA2930CFDF007591E6 /* Frameworks */,
				8C4E94BB2930CFDF007591E6 /* Resources */,
			);
			buildRules = (
			);
			dependencies = (
			);
			name = "OS-Final";
			productName = "OS-Final";
			productReference = 8C4E94BD2930CFDF007591E6 /* OS-Final.app */;
			productType = "com.apple.product-type.application";
		};
		8C4E94D22930CFE0007591E6 /* OS-FinalTests */ = {
			isa = PBXNativeTarget;
			buildConfigurationList = 8C4E94EA2930CFE0007591E6 /* Build configuration list for PBXNativeTarget "OS-FinalTests" */;
			buildPhases = (
				8C4E94CF2930CFE0007591E6 /* Sources */,
				8C4E94D02930CFE0007591E6 /* Frameworks */,
				8C4E94D12930CFE0007591E6 /* Resources */,
			);
			buildRules = (
			);
			dependencies = (
				8C4E94D52930CFE0007591E6 /* PBXTargetDependency */,
			);
			name = "OS-FinalTests";
			productName = "OS-FinalTests";
			productReference = 8C4E94D32930CFE0007591E6 /* OS-FinalTests.xctest */;
			productType = "com.apple.product-type.bundle.unit-test";
		};
		8C4E94DC2930CFE0007591E6 /* OS-FinalUITests */ = {
			isa = PBXNativeTarget;
			buildConfigurationList = 8C4E94ED2930CFE0007591E6 /* Build configuration list for PBXNativeTarget "OS-FinalUITests" */;
			buildPhases = (
				8C4E94D92930CFE0007591E6 /* Sources */,
				8C4E94DA2930CFE0007591E6 /* Frameworks */,
				8C4E94DB2930CFE0007591E6 /* Resources */,
			);
			buildRules = (
			);
			dependencies = (
				8C4E94DF2930CFE0007591E6 /* PBXTargetDependency */,
			);
			name = "OS-FinalUITests";
			productName = "OS-FinalUITests";
			productReference = 8C4E94DD2930CFE0007591E6 /* OS-FinalUITests.xctest */;
			productType = "com.apple.product-type.bundle.ui-testing";
		};
/* End PBXNativeTarget section */

/* Begin PBXProject section */
		8C4E94B52930CFDF007591E6 /* Project object */ = {
			isa = PBXProject;
			attributes = {
				BuildIndependentTargetsInParallel = 1;
				LastSwiftUpdateCheck = 1400;
				LastUpgradeCheck = 1400;
				TargetAttributes = {
					8C4E94BC2930CFDF007591E6 = {
						CreatedOnToolsVersion = 14.0.1;
					};
					8C4E94D22930CFE0007591E6 = {
						CreatedOnToolsVersion = 14.0.1;
						TestTargetID = 8C4E94BC2930CFDF007591E6;
					};
					8C4E94DC2930CFE0007591E6 = {
						CreatedOnToolsVersion = 14.0.1;
						TestTargetID = 8C4E94BC2930CFDF007591E6;
					};
				};
			};
			buildConfigurationList = 8C4E94B82930CFDF007591E6 /* Build configuration list for PBXProject "OS-Final" */;
			compatibilityVersion = "Xcode 14.0";
			developmentRegion = en;
			hasScannedForEncodings = 0;
			knownRegions = (
				en,
				Base,
			);
			mainGroup = 8C4E94B42930CFDF007591E6;
			productRefGroup = 8C4E94BE2930CFDF007591E6 /* Products */;
			projectDirPath = "";
			projectRoot = "";
			targets = (
				8C4E94BC2930CFDF007591E6 /* OS-Final */,
				8C4E94D22930CFE0007591E6 /* OS-FinalTests */,
				8C4E94DC2930CFE0007591E6 /* OS-FinalUITests */,
			);
		};
/* End PBXProject section */

/* Begin PBXResourcesBuildPhase section */
		8C4E94BB2930CFDF007591E6 /* Resources */ = {
			isa = PBXResourcesBuildPhase;
			buildActionMask = 2147483647;
			files = (
				8C4E94CD2930CFE0007591E6 /* LaunchScreen.storyboard in Resources */,
				8C4E94CA2930CFE0007591E6 /* Assets.xcassets in Resources */,
				8C4E94C82930CFDF007591E6 /* Main.storyboard in Resources */,
			);
			runOnlyForDeploymentPostprocessing = 0;
		};
		8C4E94D12930CFE0007591E6 /* Resources */ = {
			isa = PBXResourcesBuildPhase;
			buildActionMask = 2147483647;
			files = (
			);
			runOnlyForDeploymentPostprocessing = 0;
		};
		8C4E94DB2930CFE0007591E6 /* Resources */ = {
			isa = PBXResourcesBuildPhase;
			buildActionMask = 2147483647;
			files = (
			);
			runOnlyForDeploymentPostprocessing = 0;
		};
/* End PBXResourcesBuildPhase section */

/* Begin PBXSourcesBuildPhase section */
		8C4E94B92930CFDF007591E6 /* Sources */ = {
			isa = PBXSourcesBuildPhase;
			buildActionMask = 2147483647;
			files = (
				8C4E94C52930CFDF007591E6 /* ViewController.swift in Sources */,
				8C4E94C12930CFDF007591E6 /* AppDelegate.swift in Sources */,
				8C4E94C32930CFDF007591E6 /* SceneDelegate.swift in Sources */,
			);
			runOnlyForDeploymentPostprocessing = 0;
		};
		8C4E94CF2930CFE0007591E6 /* Sources */ = {
			isa = PBXSourcesBuildPhase;
			buildActionMask = 2147483647;
			files = (
				8C4E94D82930CFE0007591E6 /* OS_FinalTests.swift in Sources */,
			);
			runOnlyForDeploymentPostprocessing = 0;
		};
		8C4E94D92930CFE0007591E6 /* Sources */ = {
			isa = PBXSourcesBuildPhase;
			buildActionMask = 2147483647;
			files = (
				8C4E94E42930CFE0007591E6 /* OS_FinalUITestsLaunchTests.swift in Sources */,
				8C4E94E22930CFE0007591E6 /* OS_FinalUITests.swift in Sources */,
			);
			runOnlyForDeploymentPostprocessing = 0;
		};
/* End PBXSourcesBuildPhase section */

/* Begin PBXTargetDependency section */
		8C4E94D52930CFE0007591E6 /* PBXTargetDependency */ = {
			isa = PBXTargetDependency;
			target = 8C4E94BC2930CFDF007591E6 /* OS-Final */;
			targetProxy = 8C4E94D42930CFE0007591E6 /* PBXContainerItemProxy */;
		};
		8C4E94DF2930CFE0007591E6 /* PBXTargetDependency */ = {
			isa = PBXTargetDependency;
			target = 8C4E94BC2930CFDF007591E6 /* OS-Final */;
			targetProxy = 8C4E94DE2930CFE0007591E6 /* PBXContainerItemProxy */;
		};
/* End PBXTargetDependency section */

/* Begin PBXVariantGroup section */
		8C4E94C62930CFDF007591E6 /* Main.storyboard */ = {
			isa = PBXVariantGroup;
			children = (
				8C4E94C72930CFDF007591E6 /* Base */,
			);
			name = Main.storyboard;
			sourceTree = "<group>";
		};
		8C4E94CB2930CFE0007591E6 /* LaunchScreen.storyboard */ = {
			isa = PBXVariantGroup;
			children = (
				8C4E94CC2930CFE0007591E6 /* Base */,
			);
			name = LaunchScreen.storyboard;
			sourceTree = "<group>";
		};
/* End PBXVariantGroup section */

/* Begin XCBuildConfiguration section */
		8C4E94E52930CFE0007591E6 /* Debug */ = {
			isa = XCBuildConfiguration;
			buildSettings = {
				ALWAYS_SEARCH_USER_PATHS = NO;
				CLANG_ANALYZER_NONNULL = YES;
				CLANG_ANALYZER_NUMBER_OBJECT_CONVERSION = YES_AGGRESSIVE;
				CLANG_CXX_LANGUAGE_STANDARD = "gnu++20";
				CLANG_ENABLE_MODULES = YES;
				CLANG_ENABLE_OBJC_ARC = YES;
				CLANG_ENABLE_OBJC_WEAK = YES;
				CLANG_WARN_BLOCK_CAPTURE_AUTORELEASING = YES;
				CLANG_WARN_BOOL_CONVERSION = YES;
				CLANG_WARN_COMMA = YES;
				CLANG_WARN_CONSTANT_CONVERSION = YES;
				CLANG_WARN_DEPRECATED_OBJC_IMPLEMENTATIONS = YES;
				CLANG_WARN_DIRECT_OBJC_ISA_USAGE = YES_ERROR;
				CLANG_WARN_DOCUMENTATION_COMMENTS = YES;
				CLANG_WARN_EMPTY_BODY = YES;
				CLANG_WARN_ENUM_CONVERSION = YES;
				CLANG_WARN_INFINITE_RECURSION = YES;
				CLANG_WARN_INT_CONVERSION = YES;
				CLANG_WARN_NON_LITERAL_NULL_CONVERSION = YES;
				CLANG_WARN_OBJC_IMPLICIT_RETAIN_SELF = YES;
				CLANG_WARN_OBJC_LITERAL_CONVERSION = YES;
				CLANG_WARN_OBJC_ROOT_CLASS = YES_ERROR;
				CLANG_WARN_QUOTED_INCLUDE_IN_FRAMEWORK_HEADER = YES;
				CLANG_WARN_RANGE_LOOP_ANALYSIS = YES;
				CLANG_WARN_STRICT_PROTOTYPES = YES;
				CLANG_WARN_SUSPICIOUS_MOVE = YES;
				CLANG_WARN_UNGUARDED_AVAILABILITY = YES_AGGRESSIVE;
				CLANG_WARN_UNREACHABLE_CODE = YES;
				CLANG_WARN__DUPLICATE_METHOD_MATCH = YES;
				COPY_PHASE_STRIP = NO;
				DEBUG_INFORMATION_FORMAT = dwarf;
				ENABLE_STRICT_OBJC_MSGSEND = YES;
				ENABLE_TESTABILITY = YES;
				GCC_C_LANGUAGE_STANDARD = gnu11;
				GCC_DYNAMIC_NO_PIC = NO;
				GCC_NO_COMMON_BLOCKS = YES;
				GCC_OPTIMIZATION_LEVEL = 0;
				GCC_PREPROCESSOR_DEFINITIONS = (
					"DEBUG=1",
					"$(inherited)",
				);
				GCC_WARN_64_TO_32_BIT_CONVERSION = YES;
				GCC_WARN_ABOUT_RETURN_TYPE = YES_ERROR;
				GCC_WARN_UNDECLARED_SELECTOR = YES;
				GCC_WARN_UNINITIALIZED_AUTOS = YES_AGGRESSIVE;
				GCC_WARN_UNUSED_FUNCTION = YES;
				GCC_WARN_UNUSED_VARIABLE = YES;
				IPHONEOS_DEPLOYMENT_TARGET = 16.0;
				MTL_ENABLE_DEBUG_INFO = INCLUDE_SOURCE;
				MTL_FAST_MATH = YES;
				ONLY_ACTIVE_ARCH = YES;
				SDKROOT = iphoneos;
				SWIFT_ACTIVE_COMPILATION_CONDITIONS = DEBUG;
				SWIFT_OPTIMIZATION_LEVEL = "-Onone";
			};
			name = Debug;
		};
		8C4E94E62930CFE0007591E6 /* Release */ = {
			isa = XCBuildConfiguration;
			buildSettings = {
				ALWAYS_SEARCH_USER_PATHS = NO;
				CLANG_ANALYZER_NONNULL = YES;
				CLANG_ANALYZER_NUMBER_OBJECT_CONVERSION = YES_AGGRESSIVE;
				CLANG_CXX_LANGUAGE_STANDARD = "gnu++20";
				CLANG_ENABLE_MODULES = YES;
				CLANG_ENABLE_OBJC_ARC = YES;
				CLANG_ENABLE_OBJC_WEAK = YES;
				CLANG_WARN_BLOCK_CAPTURE_AUTORELEASING = YES;
				CLANG_WARN_BOOL_CONVERSION = YES;
				CLANG_WARN_COMMA = YES;
				CLANG_WARN_CONSTANT_CONVERSION = YES;
				CLANG_WARN_DEPRECATED_OBJC_IMPLEMENTATIONS = YES;
				CLANG_WARN_DIRECT_OBJC_ISA_USAGE = YES_ERROR;
				CLANG_WARN_DOCUMENTATION_COMMENTS = YES;
				CLANG_WARN_EMPTY_BODY = YES;
				CLANG_WARN_ENUM_CONVERSION = YES;
				CLANG_WARN_INFINITE_RECURSION = YES;
				CLANG_WARN_INT_CONVERSION = YES;
				CLANG_WARN_NON_LITERAL_NULL_CONVERSION = YES;
				CLANG_WARN_OBJC_IMPLICIT_RETAIN_SELF = YES;
				CLANG_WARN_OBJC_LITERAL_CONVERSION = YES;
				CLANG_WARN_OBJC_ROOT_CLASS = YES_ERROR;
				CLANG_WARN_QUOTED_INCLUDE_IN_FRAMEWORK_HEADER = YES;
				CLANG_WARN_RANGE_LOOP_ANALYSIS = YES;
				CLANG_WARN_STRICT_PROTOTYPES = YES;
				CLANG_WARN_SUSPICIOUS_MOVE = YES;
				CLANG_WARN_UNGUARDED_AVAILABILITY = YES_AGGRESSIVE;
				CLANG_WARN_UNREACHABLE_CODE = YES;
				CLANG_WARN__DUPLICATE_METHOD_MATCH = YES;
				COPY_PHASE_STRIP = NO;
				DEBUG_INFORMATION_FORMAT = "dwarf-with-dsym";
				ENABLE_NS_ASSERTIONS = NO;
				ENABLE_STRICT_OBJC_MSGSEND = YES;
				GCC_C_LANGUAGE_STANDARD = gnu11;
				GCC_NO_COMMON_BLOCKS = YES;
				GCC_WARN_64_TO_32_BIT_CONVERSION = YES;
				GCC_WARN_ABOUT_RETURN_TYPE = YES_ERROR;
				GCC_WARN_UNDECLARED_SELECTOR = YES;
				GCC_WARN_UNINITIALIZED_AUTOS = YES_AGGRESSIVE;
				GCC_WARN_UNUSED_FUNCTION = YES;
				GCC_WARN_UNUSED_VARIABLE = YES;
				IPHONEOS_DEPLOYMENT_TARGET = 16.0;
				MTL_ENABLE_DEBUG_INFO = NO;
				MTL_FAST_MATH = YES;
				SDKROOT = iphoneos;
				SWIFT_COMPILATION_MODE = wholemodule;
				SWIFT_OPTIMIZATION_LEVEL = "-O";
				VALIDATE_PRODUCT = YES;
			};
			name = Release;
		};
		8C4E94E82930CFE0007591E6 /* Debug */ = {
			isa = XCBuildConfiguration;
			buildSettings = {
				ASSETCATALOG_COMPILER_APPICON_NAME = AppIcon;
				ASSETCATALOG_COMPILER_GLOBAL_ACCENT_COLOR_NAME = AccentColor;
				CODE_SIGN_STYLE = Automatic;
				CURRENT_PROJECT_VERSION = 1;
				GENERATE_INFOPLIST_FILE = YES;
				INFOPLIST_FILE = "OS-Final/Info.plist";
				INFOPLIST_KEY_UIApplicationSupportsIndirectInputEvents = YES;
				INFOPLIST_KEY_UILaunchStoryboardName = LaunchScreen;
				INFOPLIST_KEY_UIMainStoryboardFile = Main;
				INFOPLIST_KEY_UISupportedInterfaceOrientations_iPad = "UIInterfaceOrientationPortrait UIInterfaceOrientationPortraitUpsideDown UIInterfaceOrientationLandscapeLeft UIInterfaceOrientationLandscapeRight";
				INFOPLIST_KEY_UISupportedInterfaceOrientations_iPhone = "UIInterfaceOrientationPortrait UIInterfaceOrientationLandscapeLeft UIInterfaceOrientationLandscapeRight";
				LD_RUNPATH_SEARCH_PATHS = (
					"$(inherited)",
					"@executable_path/Frameworks",
				);
				MARKETING_VERSION = 1.0;
				PRODUCT_BUNDLE_IDENTIFIER = "final.OS-Final";
				PRODUCT_NAME = "$(TARGET_NAME)";
				SWIFT_EMIT_LOC_STRINGS = YES;
				SWIFT_VERSION = 5.0;
				TARGETED_DEVICE_FAMILY = "1,2";
			};
			name = Debug;
		};
		8C4E94E92930CFE0007591E6 /* Release */ = {
			isa = XCBuildConfiguration;
			buildSettings = {
				ASSETCATALOG_COMPILER_APPICON_NAME = AppIcon;
				ASSETCATALOG_COMPILER_GLOBAL_ACCENT_COLOR_NAME = AccentColor;
				CODE_SIGN_STYLE = Automatic;
				CURRENT_PROJECT_VERSION = 1;
				GENERATE_INFOPLIST_FILE = YES;
				INFOPLIST_FILE = "OS-Final/Info.plist";
				INFOPLIST_KEY_UIApplicationSupportsIndirectInputEvents = YES;
				INFOPLIST_KEY_UILaunchStoryboardName = LaunchScreen;
				INFOPLIST_KEY_UIMainStoryboardFile = Main;
				INFOPLIST_KEY_UISupportedInterfaceOrientations_iPad = "UIInterfaceOrientationPortrait UIInterfaceOrientationPortraitUpsideDown UIInterfaceOrientationLandscapeLeft UIInterfaceOrientationLandscapeRight";
				INFOPLIST_KEY_UISupportedInterfaceOrientations_iPhone = "UIInterfaceOrientationPortrait UIInterfaceOrientationLandscapeLeft UIInterfaceOrientationLandscapeRight";
				LD_RUNPATH_SEARCH_PATHS = (
					"$(inherited)",
					"@executable_path/Frameworks",
				);
				MARKETING_VERSION = 1.0;
				PRODUCT_BUNDLE_IDENTIFIER = "final.OS-Final";
				PRODUCT_NAME = "$(TARGET_NAME)";
				SWIFT_EMIT_LOC_STRINGS = YES;
				SWIFT_VERSION = 5.0;
				TARGETED_DEVICE_FAMILY = "1,2";
			};
			name = Release;
		};
		8C4E94EB2930CFE0007591E6 /* Debug */ = {
			isa = XCBuildConfiguration;
			buildSettings = {
				ALWAYS_EMBED_SWIFT_STANDARD_LIBRARIES = YES;
				BUNDLE_LOADER = "$(TEST_HOST)";
				CODE_SIGN_STYLE = Automatic;
				CURRENT_PROJECT_VERSION = 1;
				GENERATE_INFOPLIST_FILE = YES;
				IPHONEOS_DEPLOYMENT_TARGET = 16.0;
				MARKETING_VERSION = 1.0;
				PRODUCT_BUNDLE_IDENTIFIER = "final.OS-FinalTests";
				PRODUCT_NAME = "$(TARGET_NAME)";
				SWIFT_EMIT_LOC_STRINGS = NO;
				SWIFT_VERSION = 5.0;
				TARGETED_DEVICE_FAMILY = "1,2";
				TEST_HOST = "$(BUILT_PRODUCTS_DIR)/OS-Final.app/$(BUNDLE_EXECUTABLE_FOLDER_PATH)/OS-Final";
			};
			name = Debug;
		};
		8C4E94EC2930CFE0007591E6 /* Release */ = {
			isa = XCBuildConfiguration;
			buildSettings = {
				ALWAYS_EMBED_SWIFT_STANDARD_LIBRARIES = YES;
				BUNDLE_LOADER = "$(TEST_HOST)";
				CODE_SIGN_STYLE = Automatic;
				CURRENT_PROJECT_VERSION = 1;
				GENERATE_INFOPLIST_FILE = YES;
				IPHONEOS_DEPLOYMENT_TARGET = 16.0;
				MARKETING_VERSION = 1.0;
				PRODUCT_BUNDLE_IDENTIFIER = "final.OS-FinalTests";
				PRODUCT_NAME = "$(TARGET_NAME)";
				SWIFT_EMIT_LOC_STRINGS = NO;
				SWIFT_VERSION = 5.0;
				TARGETED_DEVICE_FAMILY = "1,2";
				TEST_HOST = "$(BUILT_PRODUCTS_DIR)/OS-Final.app/$(BUNDLE_EXECUTABLE_FOLDER_PATH)/OS-Final";
			};
			name = Release;
		};
		8C4E94EE2930CFE0007591E6 /* Debug */ = {
			isa = XCBuildConfiguration;
			buildSettings = {
				ALWAYS_EMBED_SWIFT_STANDARD_LIBRARIES = YES;
				CODE_SIGN_STYLE = Automatic;
				CURRENT_PROJECT_VERSION = 1;
				GENERATE_INFOPLIST_FILE = YES;
				MARKETING_VERSION = 1.0;
				PRODUCT_BUNDLE_IDENTIFIER = "final.OS-FinalUITests";
				PRODUCT_NAME = "$(TARGET_NAME)";
				SWIFT_EMIT_LOC_STRINGS = NO;
				SWIFT_VERSION = 5.0;
				TARGETED_DEVICE_FAMILY = "1,2";
				TEST_TARGET_NAME = "OS-Final";
			};
			name = Debug;
		};
		8C4E94EF2930CFE0007591E6 /* Release */ = {
			isa = XCBuildConfiguration;
			buildSettings = {
				ALWAYS_EMBED_SWIFT_STANDARD_LIBRARIES = YES;
				CODE_SIGN_STYLE = Automatic;
				CURRENT_PROJECT_VERSION = 1;
				GENERATE_INFOPLIST_FILE = YES;
				MARKETING_VERSION = 1.0;
				PRODUCT_BUNDLE_IDENTIFIER = "final.OS-FinalUITests";
				PRODUCT_NAME = "$(TARGET_NAME)";
				SWIFT_EMIT_LOC_STRINGS = NO;
				SWIFT_VERSION = 5.0;
				TARGETED_DEVICE_FAMILY = "1,2";
				TEST_TARGET_NAME = "OS-Final";
			};
			name = Release;
		};
/* End XCBuildConfiguration section */

/* Begin XCConfigurationList section */
		8C4E94B82930CFDF007591E6 /* Build configuration list for PBXProject "OS-Final" */ = {
			isa = XCConfigurationList;
			buildConfigurations = (
				8C4E94E52930CFE0007591E6 /* Debug */,
				8C4E94E62930CFE0007591E6 /* Release */,
			);
			defaultConfigurationIsVisible = 0;
			defaultConfigurationName = Release;
		};
		8C4E94E72930CFE0007591E6 /* Build configuration list for PBXNativeTarget "OS-Final" */ = {
			isa = XCConfigurationList;
			buildConfigurations = (
				8C4E94E82930CFE0007591E6 /* Debug */,
				8C4E94E92930CFE0007591E6 /* Release */,
			);
			defaultConfigurationIsVisible = 0;
			defaultConfigurationName = Release;
		};
		8C4E94EA2930CFE0007591E6 /* Build configuration list for PBXNativeTarget "OS-FinalTests" */ = {
			isa = XCConfigurationList;
			buildConfigurations = (
				8C4E94EB2930CFE0007591E6 /* Debug */,
				8C4E94EC2930CFE0007591E6 /* Release */,
			);
			defaultConfigurationIsVisible = 0;
			defaultConfigurationName = Release;
		};
		8C4E94ED2930CFE0007591E6 /* Build configuration list for PBXNativeTarget "OS-FinalUITests" */ = {
			isa = XCConfigurationList;
			buildConfigurations = (
				8C4E94EE2930CFE0007591E6 /* Debug */,
				8C4E94EF2930CFE0007591E6 /* Release */,
			);
			defaultConfigurationIsVisible = 0;
			defaultConfigurationName = Release;
		};
/* End XCConfigurationList section */
	};
	rootObject = 8C4E94B52930CFDF007591E6 /* Project object */;
}
